PODS:
  - Alamofire (5.4.4)
  - lottie-ios (3.2.3)
  - OmerM (0.0.7):
    - Alamofire
    - lottie-ios

DEPENDENCIES:
  - OmerM

SPEC REPOS:
  trunk:
    - Alamofire
    - lottie-ios
    - OmerM

SPEC CHECKSUMS:
  Alamofire: f3b09a368f1582ab751b3fff5460276e0d2cf5c9
  lottie-ios: c058aeafa76daa4cf64d773554bccc8385d0150e
  OmerM: 077bbee1a4abbb7d1cee42714d3a63a314ca7365

PODFILE CHECKSUM: 334e3bdaf3c3e0a1ee71531316897e177324b5a8

COCOAPODS: 1.11.0.beta.2
