// !$*UTF8*$!
{
	archiveVersion = 1;
	classes = {
	};
	objectVersion = 50;
	objects = {

/* Begin PBXBuildFile section */
		C7C2E25C2730299400C1CFFD /* PopupInfoObj.swift in Sources */ = {isa = PBXBuildFile; fileRef = C7C2E21A2730299300C1CFFD /* PopupInfoObj.swift */; };
		C7C2E25D2730299400C1CFFD /* MeshulamParseValidator.swift in Sources */ = {isa = PBXBuildFile; fileRef = C7C2E21C2730299300C1CFFD /* MeshulamParseValidator.swift */; };
		C7C2E25E2730299400C1CFFD /* PopupViewControllerDelegate.swift in Sources */ = {isa = PBXBuildFile; fileRef = C7C2E21E2730299300C1CFFD /* PopupViewControllerDelegate.swift */; };
		C7C2E25F2730299400C1CFFD /* MeshulamDelegate.swift in Sources */ = {isa = PBXBuildFile; fileRef = C7C2E21F2730299300C1CFFD /* MeshulamDelegate.swift */; };
		C7C2E2602730299400C1CFFD /* MeshulamRequestFinishedProtocol.swift in Sources */ = {isa = PBXBuildFile; fileRef = C7C2E2202730299300C1CFFD /* MeshulamRequestFinishedProtocol.swift */; };
		C7C2E2612730299400C1CFFD /* Constants.swift in Sources */ = {isa = PBXBuildFile; fileRef = C7C2E2212730299300C1CFFD /* Constants.swift */; };
		C7C2E2622730299400C1CFFD /* UIBottonExtenstion.swift in Sources */ = {isa = PBXBuildFile; fileRef = C7C2E2232730299300C1CFFD /* UIBottonExtenstion.swift */; };
		C7C2E2632730299400C1CFFD /* UIViewExtenstion.swift in Sources */ = {isa = PBXBuildFile; fileRef = C7C2E2242730299300C1CFFD /* UIViewExtenstion.swift */; };
		C7C2E2642730299400C1CFFD /* NSObjectExtenstion.swift in Sources */ = {isa = PBXBuildFile; fileRef = C7C2E2252730299300C1CFFD /* NSObjectExtenstion.swift */; };
		C7C2E2652730299400C1CFFD /* UIApplicationExtenstion.swift in Sources */ = {isa = PBXBuildFile; fileRef = C7C2E2262730299300C1CFFD /* UIApplicationExtenstion.swift */; };
		C7C2E2662730299400C1CFFD /* FontExtenstion.swift in Sources */ = {isa = PBXBuildFile; fileRef = C7C2E2272730299300C1CFFD /* FontExtenstion.swift */; };
		C7C2E2672730299400C1CFFD /* StringExtenstion.swift in Sources */ = {isa = PBXBuildFile; fileRef = C7C2E2282730299300C1CFFD /* StringExtenstion.swift */; };
		C7C2E2682730299400C1CFFD /* BitStatusViewController.swift in Sources */ = {isa = PBXBuildFile; fileRef = C7C2E22A2730299300C1CFFD /* BitStatusViewController.swift */; };
		C7C2E2692730299400C1CFFD /* MeshulamPopupViewController.swift in Sources */ = {isa = PBXBuildFile; fileRef = C7C2E22B2730299400C1CFFD /* MeshulamPopupViewController.swift */; };
		C7C2E26A2730299400C1CFFD /* Gallery.xcassets in Resources */ = {isa = PBXBuildFile; fileRef = C7C2E22C2730299400C1CFFD /* Gallery.xcassets */; };
		C7C2E26B2730299400C1CFFD /* SettleSuspendedTransactionRequest.swift in Sources */ = {isa = PBXBuildFile; fileRef = C7C2E22F2730299400C1CFFD /* SettleSuspendedTransactionRequest.swift */; };
		C7C2E26C2730299400C1CFFD /* GetBitPaymentStatusRequest.swift in Sources */ = {isa = PBXBuildFile; fileRef = C7C2E2302730299400C1CFFD /* GetBitPaymentStatusRequest.swift */; };
		C7C2E26D2730299400C1CFFD /* InitSDKRequest.swift in Sources */ = {isa = PBXBuildFile; fileRef = C7C2E2312730299400C1CFFD /* InitSDKRequest.swift */; };
		C7C2E26E2730299400C1CFFD /* DoPaymentRequest.swift in Sources */ = {isa = PBXBuildFile; fileRef = C7C2E2322730299400C1CFFD /* DoPaymentRequest.swift */; };
		C7C2E26F2730299400C1CFFD /* MeshulamBaseRequest.swift in Sources */ = {isa = PBXBuildFile; fileRef = C7C2E2332730299400C1CFFD /* MeshulamBaseRequest.swift */; };
		C7C2E2702730299400C1CFFD /* GetPaymentProcessInfoRequest.swift in Sources */ = {isa = PBXBuildFile; fileRef = C7C2E2342730299400C1CFFD /* GetPaymentProcessInfoRequest.swift */; };
		C7C2E2712730299400C1CFFD /* CancelBitTransactionRequest.swift in Sources */ = {isa = PBXBuildFile; fileRef = C7C2E2352730299400C1CFFD /* CancelBitTransactionRequest.swift */; };
		C7C2E2722730299400C1CFFD /* SetBitPaymentRequest.swift in Sources */ = {isa = PBXBuildFile; fileRef = C7C2E2362730299400C1CFFD /* SetBitPaymentRequest.swift */; };
		C7C2E2732730299400C1CFFD /* CreatePaymentProcessRequest.swift in Sources */ = {isa = PBXBuildFile; fileRef = C7C2E2372730299400C1CFFD /* CreatePaymentProcessRequest.swift */; };
		C7C2E2742730299400C1CFFD /* CancelBitPaymentRequest.swift in Sources */ = {isa = PBXBuildFile; fileRef = C7C2E2382730299400C1CFFD /* CancelBitPaymentRequest.swift */; };
		C7C2E2752730299400C1CFFD /* SetBitPaymentResponse.swift in Sources */ = {isa = PBXBuildFile; fileRef = C7C2E23A2730299400C1CFFD /* SetBitPaymentResponse.swift */; };
		C7C2E2762730299400C1CFFD /* GetPaymentProcessInfoResponse.swift in Sources */ = {isa = PBXBuildFile; fileRef = C7C2E23B2730299400C1CFFD /* GetPaymentProcessInfoResponse.swift */; };
		C7C2E2772730299400C1CFFD /* DoPaymentResponse.swift in Sources */ = {isa = PBXBuildFile; fileRef = C7C2E23C2730299400C1CFFD /* DoPaymentResponse.swift */; };
		C7C2E2782730299400C1CFFD /* GetBitPaymentStatusResponse.swift in Sources */ = {isa = PBXBuildFile; fileRef = C7C2E23D2730299400C1CFFD /* GetBitPaymentStatusResponse.swift */; };
		C7C2E2792730299400C1CFFD /* CancelBitPaymentResponse.swift in Sources */ = {isa = PBXBuildFile; fileRef = C7C2E23E2730299400C1CFFD /* CancelBitPaymentResponse.swift */; };
		C7C2E27A2730299400C1CFFD /* CancelBitTransactionResponse.swift in Sources */ = {isa = PBXBuildFile; fileRef = C7C2E23F2730299400C1CFFD /* CancelBitTransactionResponse.swift */; };
		C7C2E27B2730299400C1CFFD /* MeshulamBaseServerResponse.swift in Sources */ = {isa = PBXBuildFile; fileRef = C7C2E2402730299400C1CFFD /* MeshulamBaseServerResponse.swift */; };
		C7C2E27C2730299400C1CFFD /* InitSDKResponse.swift in Sources */ = {isa = PBXBuildFile; fileRef = C7C2E2412730299400C1CFFD /* InitSDKResponse.swift */; };
		C7C2E27D2730299400C1CFFD /* SettleSuspendedTransactionResponse.swift in Sources */ = {isa = PBXBuildFile; fileRef = C7C2E2422730299400C1CFFD /* SettleSuspendedTransactionResponse.swift */; };
		C7C2E27E2730299400C1CFFD /* ErrorResponse.swift in Sources */ = {isa = PBXBuildFile; fileRef = C7C2E2432730299400C1CFFD /* ErrorResponse.swift */; };
		C7C2E27F2730299400C1CFFD /* BaseInnerResponse.swift in Sources */ = {isa = PBXBuildFile; fileRef = C7C2E2442730299400C1CFFD /* BaseInnerResponse.swift */; };
		C7C2E2802730299400C1CFFD /* CreatePaymentProcessResponse.swift in Sources */ = {isa = PBXBuildFile; fileRef = C7C2E2452730299400C1CFFD /* CreatePaymentProcessResponse.swift */; };
		C7C2E2812730299400C1CFFD /* MainS.storyboard in Resources */ = {isa = PBXBuildFile; fileRef = C7C2E2462730299400C1CFFD /* MainS.storyboard */; };
		C7C2E2822730299400C1CFFD /* Meshulam.swift in Sources */ = {isa = PBXBuildFile; fileRef = C7C2E2472730299400C1CFFD /* Meshulam.swift */; };
		C7C2E2832730299400C1CFFD /* MeshulamNetworkManager.swift in Sources */ = {isa = PBXBuildFile; fileRef = C7C2E2492730299400C1CFFD /* MeshulamNetworkManager.swift */; };
		C7C2E2842730299400C1CFFD /* MeshulamPaymentManager.swift in Sources */ = {isa = PBXBuildFile; fileRef = C7C2E24A2730299400C1CFFD /* MeshulamPaymentManager.swift */; };
		C7C2E2852730299400C1CFFD /* MeshulamStartupManager.swift in Sources */ = {isa = PBXBuildFile; fileRef = C7C2E24B2730299400C1CFFD /* MeshulamStartupManager.swift */; };
		C7C2E2862730299400C1CFFD /* MeshulamPopupManager.swift in Sources */ = {isa = PBXBuildFile; fileRef = C7C2E24C2730299400C1CFFD /* MeshulamPopupManager.swift */; };
		C7C2E2872730299400C1CFFD /* MeshulamSessionManager.swift in Sources */ = {isa = PBXBuildFile; fileRef = C7C2E24D2730299400C1CFFD /* MeshulamSessionManager.swift */; };
		C7C2E2882730299400C1CFFD /* Heebo-Thin.ttf in Resources */ = {isa = PBXBuildFile; fileRef = C7C2E24F2730299400C1CFFD /* Heebo-Thin.ttf */; };
		C7C2E2892730299400C1CFFD /* Heebo-Medium.ttf in Resources */ = {isa = PBXBuildFile; fileRef = C7C2E2502730299400C1CFFD /* Heebo-Medium.ttf */; };
		C7C2E28A2730299400C1CFFD /* Heebo-Black.ttf in Resources */ = {isa = PBXBuildFile; fileRef = C7C2E2512730299400C1CFFD /* Heebo-Black.ttf */; };
		C7C2E28B2730299400C1CFFD /* Heebo-Bold.ttf in Resources */ = {isa = PBXBuildFile; fileRef = C7C2E2522730299400C1CFFD /* Heebo-Bold.ttf */; };
		C7C2E28C2730299400C1CFFD /* Gallery.xcassets in Resources */ = {isa = PBXBuildFile; fileRef = C7C2E2532730299400C1CFFD /* Gallery.xcassets */; };
		C7C2E28D2730299400C1CFFD /* Heebo-Regular.ttf in Resources */ = {isa = PBXBuildFile; fileRef = C7C2E2542730299400C1CFFD /* Heebo-Regular.ttf */; };
		C7C2E28E2730299400C1CFFD /* Heebo-ExtraBold.ttf in Resources */ = {isa = PBXBuildFile; fileRef = C7C2E2552730299400C1CFFD /* Heebo-ExtraBold.ttf */; };
		C7C2E28F2730299400C1CFFD /* loader.json in Resources */ = {isa = PBXBuildFile; fileRef = C7C2E2562730299400C1CFFD /* loader.json */; };
		C7C2E2902730299400C1CFFD /* MeshulamPopup.storyboard in Resources */ = {isa = PBXBuildFile; fileRef = C7C2E2572730299400C1CFFD /* MeshulamPopup.storyboard */; };
		C7C2E2912730299400C1CFFD /* OFL.txt in Resources */ = {isa = PBXBuildFile; fileRef = C7C2E2592730299400C1CFFD /* OFL.txt */; };
		C7C2E2922730299400C1CFFD /* MeshulamMain.storyboard in Resources */ = {isa = PBXBuildFile; fileRef = C7C2E25A2730299400C1CFFD /* MeshulamMain.storyboard */; };
		C7C2E2932730299400C1CFFD /* Heebo-Light.ttf in Resources */ = {isa = PBXBuildFile; fileRef = C7C2E25B2730299400C1CFFD /* Heebo-Light.ttf */; };
		C7C2E29527302B3D00C1CFFD /* BdikaViewController.swift in Sources */ = {isa = PBXBuildFile; fileRef = C7C2E29427302B3D00C1CFFD /* BdikaViewController.swift */; };
		C7C2E29627302CD300C1CFFD /* Pods_OmerM.framework in Frameworks */ = {isa = PBXBuildFile; fileRef = 7C9B70257916F09351ED5276 /* Pods_OmerM.framework */; };
		C7C2E29727302CD300C1CFFD /* Pods_OmerM.framework in Embed Frameworks */ = {isa = PBXBuildFile; fileRef = 7C9B70257916F09351ED5276 /* Pods_OmerM.framework */; settings = {ATTRIBUTES = (CodeSignOnCopy, RemoveHeadersOnCopy, ); }; };
		C7E4985D268B1A2900B6CA8B /* OmerM.h in Headers */ = {isa = PBXBuildFile; fileRef = C7E4984F268B1A2800B6CA8B /* OmerM.h */; settings = {ATTRIBUTES = (Public, ); }; };
/* End PBXBuildFile section */

/* Begin PBXCopyFilesBuildPhase section */
		C7C2E29827302CD300C1CFFD /* Embed Frameworks */ = {
			isa = PBXCopyFilesBuildPhase;
			buildActionMask = 2147483647;
			dstPath = "";
			dstSubfolderSpec = 10;
			files = (
				C7C2E29727302CD300C1CFFD /* Pods_OmerM.framework in Embed Frameworks */,
			);
			name = "Embed Frameworks";
			runOnlyForDeploymentPostprocessing = 0;
		};
/* End PBXCopyFilesBuildPhase section */

/* Begin PBXFileReference section */
		2F1238DF90E5B38A2D05D6CA /* Pods-OmerM.release.xcconfig */ = {isa = PBXFileReference; includeInIndex = 1; lastKnownFileType = text.xcconfig; name = "Pods-OmerM.release.xcconfig"; path = "Target Support Files/Pods-OmerM/Pods-OmerM.release.xcconfig"; sourceTree = "<group>"; };
		7744E7E5285F06BD1260FB33 /* Pods-OmerM.debug.xcconfig */ = {isa = PBXFileReference; includeInIndex = 1; lastKnownFileType = text.xcconfig; name = "Pods-OmerM.debug.xcconfig"; path = "Target Support Files/Pods-OmerM/Pods-OmerM.debug.xcconfig"; sourceTree = "<group>"; };
		7C9B70257916F09351ED5276 /* Pods_OmerM.framework */ = {isa = PBXFileReference; explicitFileType = wrapper.framework; includeInIndex = 0; path = Pods_OmerM.framework; sourceTree = BUILT_PRODUCTS_DIR; };
		C7C2E21A2730299300C1CFFD /* PopupInfoObj.swift */ = {isa = PBXFileReference; fileEncoding = 4; lastKnownFileType = sourcecode.swift; path = PopupInfoObj.swift; sourceTree = "<group>"; };
		C7C2E21C2730299300C1CFFD /* MeshulamParseValidator.swift */ = {isa = PBXFileReference; fileEncoding = 4; lastKnownFileType = sourcecode.swift; path = MeshulamParseValidator.swift; sourceTree = "<group>"; };
		C7C2E21E2730299300C1CFFD /* PopupViewControllerDelegate.swift */ = {isa = PBXFileReference; fileEncoding = 4; lastKnownFileType = sourcecode.swift; path = PopupViewControllerDelegate.swift; sourceTree = "<group>"; };
		C7C2E21F2730299300C1CFFD /* MeshulamDelegate.swift */ = {isa = PBXFileReference; fileEncoding = 4; lastKnownFileType = sourcecode.swift; path = MeshulamDelegate.swift; sourceTree = "<group>"; };
		C7C2E2202730299300C1CFFD /* MeshulamRequestFinishedProtocol.swift */ = {isa = PBXFileReference; fileEncoding = 4; lastKnownFileType = sourcecode.swift; path = MeshulamRequestFinishedProtocol.swift; sourceTree = "<group>"; };
		C7C2E2212730299300C1CFFD /* Constants.swift */ = {isa = PBXFileReference; fileEncoding = 4; lastKnownFileType = sourcecode.swift; path = Constants.swift; sourceTree = "<group>"; };
		C7C2E2232730299300C1CFFD /* UIBottonExtenstion.swift */ = {isa = PBXFileReference; fileEncoding = 4; lastKnownFileType = sourcecode.swift; path = UIBottonExtenstion.swift; sourceTree = "<group>"; };
		C7C2E2242730299300C1CFFD /* UIViewExtenstion.swift */ = {isa = PBXFileReference; fileEncoding = 4; lastKnownFileType = sourcecode.swift; path = UIViewExtenstion.swift; sourceTree = "<group>"; };
		C7C2E2252730299300C1CFFD /* NSObjectExtenstion.swift */ = {isa = PBXFileReference; fileEncoding = 4; lastKnownFileType = sourcecode.swift; path = NSObjectExtenstion.swift; sourceTree = "<group>"; };
		C7C2E2262730299300C1CFFD /* UIApplicationExtenstion.swift */ = {isa = PBXFileReference; fileEncoding = 4; lastKnownFileType = sourcecode.swift; path = UIApplicationExtenstion.swift; sourceTree = "<group>"; };
		C7C2E2272730299300C1CFFD /* FontExtenstion.swift */ = {isa = PBXFileReference; fileEncoding = 4; lastKnownFileType = sourcecode.swift; path = FontExtenstion.swift; sourceTree = "<group>"; };
		C7C2E2282730299300C1CFFD /* StringExtenstion.swift */ = {isa = PBXFileReference; fileEncoding = 4; lastKnownFileType = sourcecode.swift; path = StringExtenstion.swift; sourceTree = "<group>"; };
		C7C2E22A2730299300C1CFFD /* BitStatusViewController.swift */ = {isa = PBXFileReference; fileEncoding = 4; lastKnownFileType = sourcecode.swift; path = BitStatusViewController.swift; sourceTree = "<group>"; };
		C7C2E22B2730299400C1CFFD /* MeshulamPopupViewController.swift */ = {isa = PBXFileReference; fileEncoding = 4; lastKnownFileType = sourcecode.swift; path = MeshulamPopupViewController.swift; sourceTree = "<group>"; };
		C7C2E22C2730299400C1CFFD /* Gallery.xcassets */ = {isa = PBXFileReference; lastKnownFileType = folder.assetcatalog; path = Gallery.xcassets; sourceTree = "<group>"; };
		C7C2E22F2730299400C1CFFD /* SettleSuspendedTransactionRequest.swift */ = {isa = PBXFileReference; fileEncoding = 4; lastKnownFileType = sourcecode.swift; path = SettleSuspendedTransactionRequest.swift; sourceTree = "<group>"; };
		C7C2E2302730299400C1CFFD /* GetBitPaymentStatusRequest.swift */ = {isa = PBXFileReference; fileEncoding = 4; lastKnownFileType = sourcecode.swift; path = GetBitPaymentStatusRequest.swift; sourceTree = "<group>"; };
		C7C2E2312730299400C1CFFD /* InitSDKRequest.swift */ = {isa = PBXFileReference; fileEncoding = 4; lastKnownFileType = sourcecode.swift; path = InitSDKRequest.swift; sourceTree = "<group>"; };
		C7C2E2322730299400C1CFFD /* DoPaymentRequest.swift */ = {isa = PBXFileReference; fileEncoding = 4; lastKnownFileType = sourcecode.swift; path = DoPaymentRequest.swift; sourceTree = "<group>"; };
		C7C2E2332730299400C1CFFD /* MeshulamBaseRequest.swift */ = {isa = PBXFileReference; fileEncoding = 4; lastKnownFileType = sourcecode.swift; path = MeshulamBaseRequest.swift; sourceTree = "<group>"; };
		C7C2E2342730299400C1CFFD /* GetPaymentProcessInfoRequest.swift */ = {isa = PBXFileReference; fileEncoding = 4; lastKnownFileType = sourcecode.swift; path = GetPaymentProcessInfoRequest.swift; sourceTree = "<group>"; };
		C7C2E2352730299400C1CFFD /* CancelBitTransactionRequest.swift */ = {isa = PBXFileReference; fileEncoding = 4; lastKnownFileType = sourcecode.swift; path = CancelBitTransactionRequest.swift; sourceTree = "<group>"; };
		C7C2E2362730299400C1CFFD /* SetBitPaymentRequest.swift */ = {isa = PBXFileReference; fileEncoding = 4; lastKnownFileType = sourcecode.swift; path = SetBitPaymentRequest.swift; sourceTree = "<group>"; };
		C7C2E2372730299400C1CFFD /* CreatePaymentProcessRequest.swift */ = {isa = PBXFileReference; fileEncoding = 4; lastKnownFileType = sourcecode.swift; path = CreatePaymentProcessRequest.swift; sourceTree = "<group>"; };
		C7C2E2382730299400C1CFFD /* CancelBitPaymentRequest.swift */ = {isa = PBXFileReference; fileEncoding = 4; lastKnownFileType = sourcecode.swift; path = CancelBitPaymentRequest.swift; sourceTree = "<group>"; };
		C7C2E23A2730299400C1CFFD /* SetBitPaymentResponse.swift */ = {isa = PBXFileReference; fileEncoding = 4; lastKnownFileType = sourcecode.swift; path = SetBitPaymentResponse.swift; sourceTree = "<group>"; };
		C7C2E23B2730299400C1CFFD /* GetPaymentProcessInfoResponse.swift */ = {isa = PBXFileReference; fileEncoding = 4; lastKnownFileType = sourcecode.swift; path = GetPaymentProcessInfoResponse.swift; sourceTree = "<group>"; };
		C7C2E23C2730299400C1CFFD /* DoPaymentResponse.swift */ = {isa = PBXFileReference; fileEncoding = 4; lastKnownFileType = sourcecode.swift; path = DoPaymentResponse.swift; sourceTree = "<group>"; };
		C7C2E23D2730299400C1CFFD /* GetBitPaymentStatusResponse.swift */ = {isa = PBXFileReference; fileEncoding = 4; lastKnownFileType = sourcecode.swift; path = GetBitPaymentStatusResponse.swift; sourceTree = "<group>"; };
		C7C2E23E2730299400C1CFFD /* CancelBitPaymentResponse.swift */ = {isa = PBXFileReference; fileEncoding = 4; lastKnownFileType = sourcecode.swift; path = CancelBitPaymentResponse.swift; sourceTree = "<group>"; };
		C7C2E23F2730299400C1CFFD /* CancelBitTransactionResponse.swift */ = {isa = PBXFileReference; fileEncoding = 4; lastKnownFileType = sourcecode.swift; path = CancelBitTransactionResponse.swift; sourceTree = "<group>"; };
		C7C2E2402730299400C1CFFD /* MeshulamBaseServerResponse.swift */ = {isa = PBXFileReference; fileEncoding = 4; lastKnownFileType = sourcecode.swift; path = MeshulamBaseServerResponse.swift; sourceTree = "<group>"; };
		C7C2E2412730299400C1CFFD /* InitSDKResponse.swift */ = {isa = PBXFileReference; fileEncoding = 4; lastKnownFileType = sourcecode.swift; path = InitSDKResponse.swift; sourceTree = "<group>"; };
		C7C2E2422730299400C1CFFD /* SettleSuspendedTransactionResponse.swift */ = {isa = PBXFileReference; fileEncoding = 4; lastKnownFileType = sourcecode.swift; path = SettleSuspendedTransactionResponse.swift; sourceTree = "<group>"; };
		C7C2E2432730299400C1CFFD /* ErrorResponse.swift */ = {isa = PBXFileReference; fileEncoding = 4; lastKnownFileType = sourcecode.swift; path = ErrorResponse.swift; sourceTree = "<group>"; };
		C7C2E2442730299400C1CFFD /* BaseInnerResponse.swift */ = {isa = PBXFileReference; fileEncoding = 4; lastKnownFileType = sourcecode.swift; path = BaseInnerResponse.swift; sourceTree = "<group>"; };
		C7C2E2452730299400C1CFFD /* CreatePaymentProcessResponse.swift */ = {isa = PBXFileReference; fileEncoding = 4; lastKnownFileType = sourcecode.swift; path = CreatePaymentProcessResponse.swift; sourceTree = "<group>"; };
		C7C2E2462730299400C1CFFD /* MainS.storyboard */ = {isa = PBXFileReference; fileEncoding = 4; lastKnownFileType = file.storyboard; path = MainS.storyboard; sourceTree = "<group>"; };
		C7C2E2472730299400C1CFFD /* Meshulam.swift */ = {isa = PBXFileReference; fileEncoding = 4; lastKnownFileType = sourcecode.swift; path = Meshulam.swift; sourceTree = "<group>"; };
		C7C2E2492730299400C1CFFD /* MeshulamNetworkManager.swift */ = {isa = PBXFileReference; fileEncoding = 4; lastKnownFileType = sourcecode.swift; path = MeshulamNetworkManager.swift; sourceTree = "<group>"; };
		C7C2E24A2730299400C1CFFD /* MeshulamPaymentManager.swift */ = {isa = PBXFileReference; fileEncoding = 4; lastKnownFileType = sourcecode.swift; path = MeshulamPaymentManager.swift; sourceTree = "<group>"; };
		C7C2E24B2730299400C1CFFD /* MeshulamStartupManager.swift */ = {isa = PBXFileReference; fileEncoding = 4; lastKnownFileType = sourcecode.swift; path = MeshulamStartupManager.swift; sourceTree = "<group>"; };
		C7C2E24C2730299400C1CFFD /* MeshulamPopupManager.swift */ = {isa = PBXFileReference; fileEncoding = 4; lastKnownFileType = sourcecode.swift; path = MeshulamPopupManager.swift; sourceTree = "<group>"; };
		C7C2E24D2730299400C1CFFD /* MeshulamSessionManager.swift */ = {isa = PBXFileReference; fileEncoding = 4; lastKnownFileType = sourcecode.swift; path = MeshulamSessionManager.swift; sourceTree = "<group>"; };
		C7C2E24F2730299400C1CFFD /* Heebo-Thin.ttf */ = {isa = PBXFileReference; lastKnownFileType = file; path = "Heebo-Thin.ttf"; sourceTree = "<group>"; };
		C7C2E2502730299400C1CFFD /* Heebo-Medium.ttf */ = {isa = PBXFileReference; lastKnownFileType = file; path = "Heebo-Medium.ttf"; sourceTree = "<group>"; };
		C7C2E2512730299400C1CFFD /* Heebo-Black.ttf */ = {isa = PBXFileReference; lastKnownFileType = file; path = "Heebo-Black.ttf"; sourceTree = "<group>"; };
		C7C2E2522730299400C1CFFD /* Heebo-Bold.ttf */ = {isa = PBXFileReference; lastKnownFileType = file; path = "Heebo-Bold.ttf"; sourceTree = "<group>"; };
		C7C2E2532730299400C1CFFD /* Gallery.xcassets */ = {isa = PBXFileReference; lastKnownFileType = folder.assetcatalog; path = Gallery.xcassets; sourceTree = "<group>"; };
		C7C2E2542730299400C1CFFD /* Heebo-Regular.ttf */ = {isa = PBXFileReference; lastKnownFileType = file; path = "Heebo-Regular.ttf"; sourceTree = "<group>"; };
		C7C2E2552730299400C1CFFD /* Heebo-ExtraBold.ttf */ = {isa = PBXFileReference; lastKnownFileType = file; path = "Heebo-ExtraBold.ttf"; sourceTree = "<group>"; };
		C7C2E2562730299400C1CFFD /* loader.json */ = {isa = PBXFileReference; fileEncoding = 4; lastKnownFileType = text.json; path = loader.json; sourceTree = "<group>"; };
		C7C2E2572730299400C1CFFD /* MeshulamPopup.storyboard */ = {isa = PBXFileReference; fileEncoding = 4; lastKnownFileType = file.storyboard; path = MeshulamPopup.storyboard; sourceTree = "<group>"; };
		C7C2E2592730299400C1CFFD /* OFL.txt */ = {isa = PBXFileReference; fileEncoding = 4; lastKnownFileType = text; path = OFL.txt; sourceTree = "<group>"; };
		C7C2E25A2730299400C1CFFD /* MeshulamMain.storyboard */ = {isa = PBXFileReference; fileEncoding = 4; lastKnownFileType = file.storyboard; path = MeshulamMain.storyboard; sourceTree = "<group>"; };
		C7C2E25B2730299400C1CFFD /* Heebo-Light.ttf */ = {isa = PBXFileReference; lastKnownFileType = file; path = "Heebo-Light.ttf"; sourceTree = "<group>"; };
		C7C2E29427302B3D00C1CFFD /* BdikaViewController.swift */ = {isa = PBXFileReference; fileEncoding = 4; lastKnownFileType = sourcecode.swift; path = BdikaViewController.swift; sourceTree = "<group>"; };
		C7E4984C268B1A2800B6CA8B /* OmerM.framework */ = {isa = PBXFileReference; explicitFileType = wrapper.framework; includeInIndex = 0; path = OmerM.framework; sourceTree = BUILT_PRODUCTS_DIR; };
		C7E4984F268B1A2800B6CA8B /* OmerM.h */ = {isa = PBXFileReference; lastKnownFileType = sourcecode.c.h; path = OmerM.h; sourceTree = "<group>"; };
		C7E49850268B1A2800B6CA8B /* Info.plist */ = {isa = PBXFileReference; lastKnownFileType = text.plist.xml; path = Info.plist; sourceTree = "<group>"; };
/* End PBXFileReference section */

/* Begin PBXFrameworksBuildPhase section */
		C7E49849268B1A2800B6CA8B /* Frameworks */ = {
			isa = PBXFrameworksBuildPhase;
			buildActionMask = 2147483647;
			files = (
				C7C2E29627302CD300C1CFFD /* Pods_OmerM.framework in Frameworks */,
			);
			runOnlyForDeploymentPostprocessing = 0;
		};
/* End PBXFrameworksBuildPhase section */

/* Begin PBXGroup section */
		3FD9F85D8A60553037B07562 /* Pods */ = {
			isa = PBXGroup;
			children = (
				7744E7E5285F06BD1260FB33 /* Pods-OmerM.debug.xcconfig */,
				2F1238DF90E5B38A2D05D6CA /* Pods-OmerM.release.xcconfig */,
			);
			path = Pods;
			sourceTree = "<group>";
		};
		6CECCE4D48D81F31F4B89358 /* Frameworks */ = {
			isa = PBXGroup;
			children = (
				7C9B70257916F09351ED5276 /* Pods_OmerM.framework */,
			);
			name = Frameworks;
			sourceTree = "<group>";
		};
		C7C2E2192730299300C1CFFD /* Objects */ = {
			isa = PBXGroup;
			children = (
				C7C2E21A2730299300C1CFFD /* PopupInfoObj.swift */,
			);
			path = Objects;
			sourceTree = "<group>";
		};
		C7C2E21B2730299300C1CFFD /* Validators */ = {
			isa = PBXGroup;
			children = (
				C7C2E21C2730299300C1CFFD /* MeshulamParseValidator.swift */,
			);
			path = Validators;
			sourceTree = "<group>";
		};
		C7C2E21D2730299300C1CFFD /* Protocols */ = {
			isa = PBXGroup;
			children = (
				C7C2E21E2730299300C1CFFD /* PopupViewControllerDelegate.swift */,
				C7C2E21F2730299300C1CFFD /* MeshulamDelegate.swift */,
				C7C2E2202730299300C1CFFD /* MeshulamRequestFinishedProtocol.swift */,
			);
			path = Protocols;
			sourceTree = "<group>";
		};
		C7C2E2222730299300C1CFFD /* Extenstions */ = {
			isa = PBXGroup;
			children = (
				C7C2E2232730299300C1CFFD /* UIBottonExtenstion.swift */,
				C7C2E2242730299300C1CFFD /* UIViewExtenstion.swift */,
				C7C2E2252730299300C1CFFD /* NSObjectExtenstion.swift */,
				C7C2E2262730299300C1CFFD /* UIApplicationExtenstion.swift */,
				C7C2E2272730299300C1CFFD /* FontExtenstion.swift */,
				C7C2E2282730299300C1CFFD /* StringExtenstion.swift */,
			);
			path = Extenstions;
			sourceTree = "<group>";
		};
		C7C2E2292730299300C1CFFD /* GUI */ = {
			isa = PBXGroup;
			children = (
				C7C2E22A2730299300C1CFFD /* BitStatusViewController.swift */,
				C7C2E22B2730299400C1CFFD /* MeshulamPopupViewController.swift */,
			);
			path = GUI;
			sourceTree = "<group>";
		};
		C7C2E22D2730299400C1CFFD /* Api */ = {
			isa = PBXGroup;
			children = (
				C7C2E22E2730299400C1CFFD /* Requestes */,
				C7C2E2392730299400C1CFFD /* Responses */,
				C7C2E2462730299400C1CFFD /* MainS.storyboard */,
				C7C2E2472730299400C1CFFD /* Meshulam.swift */,
			);
			path = Api;
			sourceTree = "<group>";
		};
		C7C2E22E2730299400C1CFFD /* Requestes */ = {
			isa = PBXGroup;
			children = (
				C7C2E22F2730299400C1CFFD /* SettleSuspendedTransactionRequest.swift */,
				C7C2E2302730299400C1CFFD /* GetBitPaymentStatusRequest.swift */,
				C7C2E2312730299400C1CFFD /* InitSDKRequest.swift */,
				C7C2E2322730299400C1CFFD /* DoPaymentRequest.swift */,
				C7C2E2332730299400C1CFFD /* MeshulamBaseRequest.swift */,
				C7C2E2342730299400C1CFFD /* GetPaymentProcessInfoRequest.swift */,
				C7C2E2352730299400C1CFFD /* CancelBitTransactionRequest.swift */,
				C7C2E2362730299400C1CFFD /* SetBitPaymentRequest.swift */,
				C7C2E2372730299400C1CFFD /* CreatePaymentProcessRequest.swift */,
				C7C2E2382730299400C1CFFD /* CancelBitPaymentRequest.swift */,
			);
			path = Requestes;
			sourceTree = "<group>";
		};
		C7C2E2392730299400C1CFFD /* Responses */ = {
			isa = PBXGroup;
			children = (
				C7C2E23A2730299400C1CFFD /* SetBitPaymentResponse.swift */,
				C7C2E23B2730299400C1CFFD /* GetPaymentProcessInfoResponse.swift */,
				C7C2E23C2730299400C1CFFD /* DoPaymentResponse.swift */,
				C7C2E23D2730299400C1CFFD /* GetBitPaymentStatusResponse.swift */,
				C7C2E23E2730299400C1CFFD /* CancelBitPaymentResponse.swift */,
				C7C2E23F2730299400C1CFFD /* CancelBitTransactionResponse.swift */,
				C7C2E2402730299400C1CFFD /* MeshulamBaseServerResponse.swift */,
				C7C2E2412730299400C1CFFD /* InitSDKResponse.swift */,
				C7C2E2422730299400C1CFFD /* SettleSuspendedTransactionResponse.swift */,
				C7C2E2432730299400C1CFFD /* ErrorResponse.swift */,
				C7C2E2442730299400C1CFFD /* BaseInnerResponse.swift */,
				C7C2E2452730299400C1CFFD /* CreatePaymentProcessResponse.swift */,
			);
			path = Responses;
			sourceTree = "<group>";
		};
		C7C2E2482730299400C1CFFD /* Managers */ = {
			isa = PBXGroup;
			children = (
				C7C2E2492730299400C1CFFD /* MeshulamNetworkManager.swift */,
				C7C2E24A2730299400C1CFFD /* MeshulamPaymentManager.swift */,
				C7C2E24B2730299400C1CFFD /* MeshulamStartupManager.swift */,
				C7C2E24C2730299400C1CFFD /* MeshulamPopupManager.swift */,
				C7C2E24D2730299400C1CFFD /* MeshulamSessionManager.swift */,
			);
			path = Managers;
			sourceTree = "<group>";
		};
		C7C2E24E2730299400C1CFFD /* Resources */ = {
			isa = PBXGroup;
			children = (
				C7C2E24F2730299400C1CFFD /* Heebo-Thin.ttf */,
				C7C2E2502730299400C1CFFD /* Heebo-Medium.ttf */,
				C7C2E2512730299400C1CFFD /* Heebo-Black.ttf */,
				C7C2E2522730299400C1CFFD /* Heebo-Bold.ttf */,
				C7C2E2532730299400C1CFFD /* Gallery.xcassets */,
				C7C2E2542730299400C1CFFD /* Heebo-Regular.ttf */,
				C7C2E2552730299400C1CFFD /* Heebo-ExtraBold.ttf */,
				C7C2E2562730299400C1CFFD /* loader.json */,
				C7C2E2572730299400C1CFFD /* MeshulamPopup.storyboard */,
				C7C2E2582730299400C1CFFD /* Fonts */,
				C7C2E25A2730299400C1CFFD /* MeshulamMain.storyboard */,
				C7C2E25B2730299400C1CFFD /* Heebo-Light.ttf */,
			);
			path = Resources;
			sourceTree = "<group>";
		};
		C7C2E2582730299400C1CFFD /* Fonts */ = {
			isa = PBXGroup;
			children = (
				C7C2E2592730299400C1CFFD /* OFL.txt */,
			);
			path = Fonts;
			sourceTree = "<group>";
		};
		C7E49842268B1A2800B6CA8B = {
			isa = PBXGroup;
			children = (
				C7E4984E268B1A2800B6CA8B /* OmerM */,
				C7C2E29427302B3D00C1CFFD /* BdikaViewController.swift */,
				C7E4984D268B1A2800B6CA8B /* Products */,
				3FD9F85D8A60553037B07562 /* Pods */,
				6CECCE4D48D81F31F4B89358 /* Frameworks */,
			);
			sourceTree = "<group>";
		};
		C7E4984D268B1A2800B6CA8B /* Products */ = {
			isa = PBXGroup;
			children = (
				C7E4984C268B1A2800B6CA8B /* OmerM.framework */,
			);
			name = Products;
			sourceTree = "<group>";
		};
		C7E4984E268B1A2800B6CA8B /* OmerM */ = {
			isa = PBXGroup;
			children = (
				C7E4984F268B1A2800B6CA8B /* OmerM.h */,
				C7E49850268B1A2800B6CA8B /* Info.plist */,
				C7C2E22D2730299400C1CFFD /* Api */,
				C7C2E2212730299300C1CFFD /* Constants.swift */,
				C7C2E2222730299300C1CFFD /* Extenstions */,
				C7C2E22C2730299400C1CFFD /* Gallery.xcassets */,
				C7C2E2292730299300C1CFFD /* GUI */,
				C7C2E2482730299400C1CFFD /* Managers */,
				C7C2E2192730299300C1CFFD /* Objects */,
				C7C2E21D2730299300C1CFFD /* Protocols */,
				C7C2E24E2730299400C1CFFD /* Resources */,
				C7C2E21B2730299300C1CFFD /* Validators */,
			);
			path = OmerM;
			sourceTree = "<group>";
		};
/* End PBXGroup section */

/* Begin PBXHeadersBuildPhase section */
		C7E49847268B1A2800B6CA8B /* Headers */ = {
			isa = PBXHeadersBuildPhase;
			buildActionMask = 2147483647;
			files = (
				C7E4985D268B1A2900B6CA8B /* OmerM.h in Headers */,
			);
			runOnlyForDeploymentPostprocessing = 0;
		};
/* End PBXHeadersBuildPhase section */

/* Begin PBXNativeTarget section */
		C7E4984B268B1A2800B6CA8B /* OmerM */ = {
			isa = PBXNativeTarget;
			buildConfigurationList = C7E49860268B1A2900B6CA8B /* Build configuration list for PBXNativeTarget "OmerM" */;
			buildPhases = (
				71FBF86764F8AC2382D5F4C0 /* [CP] Check Pods Manifest.lock */,
				C7E49847268B1A2800B6CA8B /* Headers */,
				C7E49848268B1A2800B6CA8B /* Sources */,
				C7E49849268B1A2800B6CA8B /* Frameworks */,
				C7E4984A268B1A2800B6CA8B /* Resources */,
				C7C2E29827302CD300C1CFFD /* Embed Frameworks */,
			);
			buildRules = (
			);
			dependencies = (
			);
			name = OmerM;
			productName = OmerM;
			productReference = C7E4984C268B1A2800B6CA8B /* OmerM.framework */;
			productType = "com.apple.product-type.framework";
		};
/* End PBXNativeTarget section */

/* Begin PBXProject section */
		C7E49843268B1A2800B6CA8B /* Project object */ = {
			isa = PBXProject;
			attributes = {
				LastSwiftUpdateCheck = 1250;
				LastUpgradeCheck = 1250;
				TargetAttributes = {
					C7E4984B268B1A2800B6CA8B = {
						CreatedOnToolsVersion = 12.5;
						LastSwiftMigration = 1250;
					};
				};
			};
			buildConfigurationList = C7E49846268B1A2800B6CA8B /* Build configuration list for PBXProject "OmerM" */;
			compatibilityVersion = "Xcode 9.3";
			developmentRegion = en;
			hasScannedForEncodings = 0;
			knownRegions = (
				en,
				Base,
			);
			mainGroup = C7E49842268B1A2800B6CA8B;
			productRefGroup = C7E4984D268B1A2800B6CA8B /* Products */;
			projectDirPath = "";
			projectRoot = "";
			targets = (
				C7E4984B268B1A2800B6CA8B /* OmerM */,
			);
		};
/* End PBXProject section */

/* Begin PBXResourcesBuildPhase section */
		C7E4984A268B1A2800B6CA8B /* Resources */ = {
			isa = PBXResourcesBuildPhase;
			buildActionMask = 2147483647;
			files = (
				C7C2E26A2730299400C1CFFD /* Gallery.xcassets in Resources */,
				C7C2E2922730299400C1CFFD /* MeshulamMain.storyboard in Resources */,
				C7C2E28A2730299400C1CFFD /* Heebo-Black.ttf in Resources */,
				C7C2E2902730299400C1CFFD /* MeshulamPopup.storyboard in Resources */,
				C7C2E2892730299400C1CFFD /* Heebo-Medium.ttf in Resources */,
				C7C2E28B2730299400C1CFFD /* Heebo-Bold.ttf in Resources */,
				C7C2E28F2730299400C1CFFD /* loader.json in Resources */,
				C7C2E2912730299400C1CFFD /* OFL.txt in Resources */,
				C7C2E28C2730299400C1CFFD /* Gallery.xcassets in Resources */,
				C7C2E2812730299400C1CFFD /* MainS.storyboard in Resources */,
				C7C2E2882730299400C1CFFD /* Heebo-Thin.ttf in Resources */,
				C7C2E2932730299400C1CFFD /* Heebo-Light.ttf in Resources */,
				C7C2E28E2730299400C1CFFD /* Heebo-ExtraBold.ttf in Resources */,
				C7C2E28D2730299400C1CFFD /* Heebo-Regular.ttf in Resources */,
			);
			runOnlyForDeploymentPostprocessing = 0;
		};
/* End PBXResourcesBuildPhase section */

/* Begin PBXShellScriptBuildPhase section */
		71FBF86764F8AC2382D5F4C0 /* [CP] Check Pods Manifest.lock */ = {
			isa = PBXShellScriptBuildPhase;
			buildActionMask = 2147483647;
			files = (
			);
			inputFileListPaths = (
			);
			inputPaths = (
				"${PODS_PODFILE_DIR_PATH}/Podfile.lock",
				"${PODS_ROOT}/Manifest.lock",
			);
			name = "[CP] Check Pods Manifest.lock";
			outputFileListPaths = (
			);
			outputPaths = (
				"$(DERIVED_FILE_DIR)/Pods-OmerM-checkManifestLockResult.txt",
			);
			runOnlyForDeploymentPostprocessing = 0;
			shellPath = /bin/sh;
			shellScript = "diff \"${PODS_PODFILE_DIR_PATH}/Podfile.lock\" \"${PODS_ROOT}/Manifest.lock\" > /dev/null\nif [ $? != 0 ] ; then\n    # print error to STDERR\n    echo \"error: The sandbox is not in sync with the Podfile.lock. Run 'pod install' or update your CocoaPods installation.\" >&2\n    exit 1\nfi\n# This output is used by Xcode 'outputs' to avoid re-running this script phase.\necho \"SUCCESS\" > \"${SCRIPT_OUTPUT_FILE_0}\"\n";
			showEnvVarsInLog = 0;
		};
/* End PBXShellScriptBuildPhase section */

/* Begin PBXSourcesBuildPhase section */
		C7E49848268B1A2800B6CA8B /* Sources */ = {
			isa = PBXSourcesBuildPhase;
			buildActionMask = 2147483647;
			files = (
				C7C2E2712730299400C1CFFD /* CancelBitTransactionRequest.swift in Sources */,
				C7C2E2832730299400C1CFFD /* MeshulamNetworkManager.swift in Sources */,
				C7C2E26F2730299400C1CFFD /* MeshulamBaseRequest.swift in Sources */,
				C7C2E2732730299400C1CFFD /* CreatePaymentProcessRequest.swift in Sources */,
				C7C2E2872730299400C1CFFD /* MeshulamSessionManager.swift in Sources */,
				C7C2E2742730299400C1CFFD /* CancelBitPaymentRequest.swift in Sources */,
				C7C2E2682730299400C1CFFD /* BitStatusViewController.swift in Sources */,
				C7C2E27C2730299400C1CFFD /* InitSDKResponse.swift in Sources */,
				C7C2E2622730299400C1CFFD /* UIBottonExtenstion.swift in Sources */,
				C7C2E2672730299400C1CFFD /* StringExtenstion.swift in Sources */,
				C7C2E2702730299400C1CFFD /* GetPaymentProcessInfoRequest.swift in Sources */,
				C7C2E27A2730299400C1CFFD /* CancelBitTransactionResponse.swift in Sources */,
				C7C2E25D2730299400C1CFFD /* MeshulamParseValidator.swift in Sources */,
				C7C2E2862730299400C1CFFD /* MeshulamPopupManager.swift in Sources */,
				C7C2E26C2730299400C1CFFD /* GetBitPaymentStatusRequest.swift in Sources */,
				C7C2E2642730299400C1CFFD /* NSObjectExtenstion.swift in Sources */,
				C7C2E2662730299400C1CFFD /* FontExtenstion.swift in Sources */,
				C7C2E2692730299400C1CFFD /* MeshulamPopupViewController.swift in Sources */,
				C7C2E2652730299400C1CFFD /* UIApplicationExtenstion.swift in Sources */,
				C7C2E27D2730299400C1CFFD /* SettleSuspendedTransactionResponse.swift in Sources */,
				C7C2E2822730299400C1CFFD /* Meshulam.swift in Sources */,
				C7C2E2632730299400C1CFFD /* UIViewExtenstion.swift in Sources */,
				C7C2E27B2730299400C1CFFD /* MeshulamBaseServerResponse.swift in Sources */,
				C7C2E2602730299400C1CFFD /* MeshulamRequestFinishedProtocol.swift in Sources */,
				C7C2E27E2730299400C1CFFD /* ErrorResponse.swift in Sources */,
				C7C2E25C2730299400C1CFFD /* PopupInfoObj.swift in Sources */,
				C7C2E25E2730299400C1CFFD /* PopupViewControllerDelegate.swift in Sources */,
				C7C2E2852730299400C1CFFD /* MeshulamStartupManager.swift in Sources */,
				C7C2E2752730299400C1CFFD /* SetBitPaymentResponse.swift in Sources */,
				C7C2E2612730299400C1CFFD /* Constants.swift in Sources */,
				C7C2E26B2730299400C1CFFD /* SettleSuspendedTransactionRequest.swift in Sources */,
				C7C2E2842730299400C1CFFD /* MeshulamPaymentManager.swift in Sources */,
				C7C2E2782730299400C1CFFD /* GetBitPaymentStatusResponse.swift in Sources */,
				C7C2E26E2730299400C1CFFD /* DoPaymentRequest.swift in Sources */,
				C7C2E2792730299400C1CFFD /* CancelBitPaymentResponse.swift in Sources */,
				C7C2E2772730299400C1CFFD /* DoPaymentResponse.swift in Sources */,
				C7C2E2722730299400C1CFFD /* SetBitPaymentRequest.swift in Sources */,
				C7C2E2762730299400C1CFFD /* GetPaymentProcessInfoResponse.swift in Sources */,
				C7C2E27F2730299400C1CFFD /* BaseInnerResponse.swift in Sources */,
				C7C2E29527302B3D00C1CFFD /* BdikaViewController.swift in Sources */,
				C7C2E25F2730299400C1CFFD /* MeshulamDelegate.swift in Sources */,
				C7C2E26D2730299400C1CFFD /* InitSDKRequest.swift in Sources */,
				C7C2E2802730299400C1CFFD /* CreatePaymentProcessResponse.swift in Sources */,
			);
			runOnlyForDeploymentPostprocessing = 0;
		};
/* End PBXSourcesBuildPhase section */

/* Begin XCBuildConfiguration section */
		C7E4985E268B1A2900B6CA8B /* Debug */ = {
			isa = XCBuildConfiguration;
			buildSettings = {
				ALWAYS_SEARCH_USER_PATHS = NO;
				BUILD_LIBRARY_FOR_DISTRIBUTION = YES;
				CLANG_ANALYZER_NONNULL = YES;
				CLANG_ANALYZER_NUMBER_OBJECT_CONVERSION = YES_AGGRESSIVE;
				CLANG_CXX_LANGUAGE_STANDARD = "gnu++14";
				CLANG_CXX_LIBRARY = "libc++";
				CLANG_ENABLE_MODULES = YES;
				CLANG_ENABLE_OBJC_ARC = YES;
				CLANG_ENABLE_OBJC_WEAK = YES;
				CLANG_WARN_BLOCK_CAPTURE_AUTORELEASING = YES;
				CLANG_WARN_BOOL_CONVERSION = YES;
				CLANG_WARN_COMMA = YES;
				CLANG_WARN_CONSTANT_CONVERSION = YES;
				CLANG_WARN_DEPRECATED_OBJC_IMPLEMENTATIONS = YES;
				CLANG_WARN_DIRECT_OBJC_ISA_USAGE = YES_ERROR;
				CLANG_WARN_DOCUMENTATION_COMMENTS = YES;
				CLANG_WARN_EMPTY_BODY = YES;
				CLANG_WARN_ENUM_CONVERSION = YES;
				CLANG_WARN_INFINITE_RECURSION = YES;
				CLANG_WARN_INT_CONVERSION = YES;
				CLANG_WARN_NON_LITERAL_NULL_CONVERSION = YES;
				CLANG_WARN_OBJC_IMPLICIT_RETAIN_SELF = YES;
				CLANG_WARN_OBJC_LITERAL_CONVERSION = YES;
				CLANG_WARN_OBJC_ROOT_CLASS = YES_ERROR;
				CLANG_WARN_QUOTED_INCLUDE_IN_FRAMEWORK_HEADER = YES;
				CLANG_WARN_RANGE_LOOP_ANALYSIS = YES;
				CLANG_WARN_STRICT_PROTOTYPES = YES;
				CLANG_WARN_SUSPICIOUS_MOVE = YES;
				CLANG_WARN_UNGUARDED_AVAILABILITY = YES_AGGRESSIVE;
				CLANG_WARN_UNREACHABLE_CODE = YES;
				CLANG_WARN__DUPLICATE_METHOD_MATCH = YES;
				COPY_PHASE_STRIP = NO;
				CURRENT_PROJECT_VERSION = 1;
				DEBUG_INFORMATION_FORMAT = dwarf;
				ENABLE_STRICT_OBJC_MSGSEND = YES;
				ENABLE_TESTABILITY = YES;
				GCC_C_LANGUAGE_STANDARD = gnu11;
				GCC_DYNAMIC_NO_PIC = NO;
				GCC_NO_COMMON_BLOCKS = YES;
				GCC_OPTIMIZATION_LEVEL = 0;
				GCC_PREPROCESSOR_DEFINITIONS = (
					"DEBUG=1",
					"$(inherited)",
				);
				GCC_WARN_64_TO_32_BIT_CONVERSION = YES;
				GCC_WARN_ABOUT_RETURN_TYPE = YES_ERROR;
				GCC_WARN_UNDECLARED_SELECTOR = YES;
				GCC_WARN_UNINITIALIZED_AUTOS = YES_AGGRESSIVE;
				GCC_WARN_UNUSED_FUNCTION = YES;
				GCC_WARN_UNUSED_VARIABLE = YES;
				IPHONEOS_DEPLOYMENT_TARGET = 11.0;
				MTL_ENABLE_DEBUG_INFO = INCLUDE_SOURCE;
				MTL_FAST_MATH = YES;
				ONLY_ACTIVE_ARCH = YES;
				SDKROOT = iphoneos;
				SWIFT_ACTIVE_COMPILATION_CONDITIONS = DEBUG;
				SWIFT_OPTIMIZATION_LEVEL = "-Onone";
				VERSIONING_SYSTEM = "apple-generic";
				VERSION_INFO_PREFIX = "";
			};
			name = Debug;
		};
		C7E4985F268B1A2900B6CA8B /* Release */ = {
			isa = XCBuildConfiguration;
			buildSettings = {
				ALWAYS_SEARCH_USER_PATHS = NO;
				BUILD_LIBRARY_FOR_DISTRIBUTION = YES;
				CLANG_ANALYZER_NONNULL = YES;
				CLANG_ANALYZER_NUMBER_OBJECT_CONVERSION = YES_AGGRESSIVE;
				CLANG_CXX_LANGUAGE_STANDARD = "gnu++14";
				CLANG_CXX_LIBRARY = "libc++";
				CLANG_ENABLE_MODULES = YES;
				CLANG_ENABLE_OBJC_ARC = YES;
				CLANG_ENABLE_OBJC_WEAK = YES;
				CLANG_WARN_BLOCK_CAPTURE_AUTORELEASING = YES;
				CLANG_WARN_BOOL_CONVERSION = YES;
				CLANG_WARN_COMMA = YES;
				CLANG_WARN_CONSTANT_CONVERSION = YES;
				CLANG_WARN_DEPRECATED_OBJC_IMPLEMENTATIONS = YES;
				CLANG_WARN_DIRECT_OBJC_ISA_USAGE = YES_ERROR;
				CLANG_WARN_DOCUMENTATION_COMMENTS = YES;
				CLANG_WARN_EMPTY_BODY = YES;
				CLANG_WARN_ENUM_CONVERSION = YES;
				CLANG_WARN_INFINITE_RECURSION = YES;
				CLANG_WARN_INT_CONVERSION = YES;
				CLANG_WARN_NON_LITERAL_NULL_CONVERSION = YES;
				CLANG_WARN_OBJC_IMPLICIT_RETAIN_SELF = YES;
				CLANG_WARN_OBJC_LITERAL_CONVERSION = YES;
				CLANG_WARN_OBJC_ROOT_CLASS = YES_ERROR;
				CLANG_WARN_QUOTED_INCLUDE_IN_FRAMEWORK_HEADER = YES;
				CLANG_WARN_RANGE_LOOP_ANALYSIS = YES;
				CLANG_WARN_STRICT_PROTOTYPES = YES;
				CLANG_WARN_SUSPICIOUS_MOVE = YES;
				CLANG_WARN_UNGUARDED_AVAILABILITY = YES_AGGRESSIVE;
				CLANG_WARN_UNREACHABLE_CODE = YES;
				CLANG_WARN__DUPLICATE_METHOD_MATCH = YES;
				COPY_PHASE_STRIP = NO;
				CURRENT_PROJECT_VERSION = 1;
				DEBUG_INFORMATION_FORMAT = "dwarf-with-dsym";
				ENABLE_NS_ASSERTIONS = NO;
				ENABLE_STRICT_OBJC_MSGSEND = YES;
				GCC_C_LANGUAGE_STANDARD = gnu11;
				GCC_NO_COMMON_BLOCKS = YES;
				GCC_WARN_64_TO_32_BIT_CONVERSION = YES;
				GCC_WARN_ABOUT_RETURN_TYPE = YES_ERROR;
				GCC_WARN_UNDECLARED_SELECTOR = YES;
				GCC_WARN_UNINITIALIZED_AUTOS = YES_AGGRESSIVE;
				GCC_WARN_UNUSED_FUNCTION = YES;
				GCC_WARN_UNUSED_VARIABLE = YES;
				IPHONEOS_DEPLOYMENT_TARGET = 11.0;
				MTL_ENABLE_DEBUG_INFO = NO;
				MTL_FAST_MATH = YES;
				SDKROOT = iphoneos;
				SWIFT_COMPILATION_MODE = wholemodule;
				SWIFT_OPTIMIZATION_LEVEL = "-O";
				VALIDATE_PRODUCT = YES;
				VERSIONING_SYSTEM = "apple-generic";
				VERSION_INFO_PREFIX = "";
			};
			name = Release;
		};
		C7E49861268B1A2900B6CA8B /* Debug */ = {
			isa = XCBuildConfiguration;
			baseConfigurationReference = 7744E7E5285F06BD1260FB33 /* Pods-OmerM.debug.xcconfig */;
			buildSettings = {
				BUILD_LIBRARY_FOR_DISTRIBUTION = YES;
				CLANG_ENABLE_MODULES = YES;
				CODE_SIGN_STYLE = Automatic;
				DEFINES_MODULE = YES;
				DEVELOPMENT_TEAM = ZW9DGWZF4V;
				DYLIB_COMPATIBILITY_VERSION = 1;
				DYLIB_CURRENT_VERSION = 1;
				DYLIB_INSTALL_NAME_BASE = "@rpath";
				FRAMEWORK_SEARCH_PATHS = (
					"$(inherited)",
					"\"${PODS_CONFIGURATION_BUILD_DIR}/Alamofire\"",
					"\"${PODS_CONFIGURATION_BUILD_DIR}/lottie-ios\"",
					"${SRCROOT}",
				);
				INFOPLIST_FILE = OmerM/Info.plist;
				INSTALL_PATH = "$(LOCAL_LIBRARY_DIR)/Frameworks";
				LD_RUNPATH_SEARCH_PATHS = (
					"$(inherited)",
					"@executable_path/Frameworks",
					"@loader_path/Frameworks",
				);
				ONLY_ACTIVE_ARCH = NO;
				PRODUCT_BUNDLE_IDENTIFIER = com.inmanage.OmerM;
				PRODUCT_NAME = "$(TARGET_NAME:c99extidentifier)";
				SKIP_INSTALL = YES;
				SUPPORTS_MACCATALYST = NO;
				SWIFT_OPTIMIZATION_LEVEL = "-Onone";
				SWIFT_VERSION = 4.2;
				TARGETED_DEVICE_FAMILY = 1;
			};
			name = Debug;
		};
		C7E49862268B1A2900B6CA8B /* Release */ = {
			isa = XCBuildConfiguration;
			baseConfigurationReference = 2F1238DF90E5B38A2D05D6CA /* Pods-OmerM.release.xcconfig */;
			buildSettings = {
				BUILD_LIBRARY_FOR_DISTRIBUTION = YES;
				CLANG_ENABLE_MODULES = YES;
				CODE_SIGN_STYLE = Automatic;
				DEFINES_MODULE = YES;
				DEVELOPMENT_TEAM = ZW9DGWZF4V;
				DYLIB_COMPATIBILITY_VERSION = 1;
				DYLIB_CURRENT_VERSION = 1;
				DYLIB_INSTALL_NAME_BASE = "@rpath";
				FRAMEWORK_SEARCH_PATHS = (
					"$(inherited)",
					"\"${PODS_CONFIGURATION_BUILD_DIR}/Alamofire\"",
					"\"${PODS_CONFIGURATION_BUILD_DIR}/lottie-ios\"",
					"${SRCROOT}",
				);
				INFOPLIST_FILE = OmerM/Info.plist;
				INSTALL_PATH = "$(LOCAL_LIBRARY_DIR)/Frameworks";
				LD_RUNPATH_SEARCH_PATHS = (
					"$(inherited)",
					"@executable_path/Frameworks",
					"@loader_path/Frameworks",
				);
				PRODUCT_BUNDLE_IDENTIFIER = com.inmanage.OmerM;
				PRODUCT_NAME = "$(TARGET_NAME:c99extidentifier)";
				SKIP_INSTALL = YES;
				SUPPORTS_MACCATALYST = NO;
				SWIFT_VERSION = 4.2;
				TARGETED_DEVICE_FAMILY = 1;
			};
			name = Release;
		};
/* End XCBuildConfiguration section */

/* Begin XCConfigurationList section */
		C7E49846268B1A2800B6CA8B /* Build configuration list for PBXProject "OmerM" */ = {
			isa = XCConfigurationList;
			buildConfigurations = (
				C7E4985E268B1A2900B6CA8B /* Debug */,
				C7E4985F268B1A2900B6CA8B /* Release */,
			);
			defaultConfigurationIsVisible = 0;
			defaultConfigurationName = Release;
		};
		C7E49860268B1A2900B6CA8B /* Build configuration list for PBXNativeTarget "OmerM" */ = {
			isa = XCConfigurationList;
			buildConfigurations = (
				C7E49861268B1A2900B6CA8B /* Debug */,
				C7E49862268B1A2900B6CA8B /* Release */,
			);
			defaultConfigurationIsVisible = 0;
			defaultConfigurationName = Release;
		};
/* End XCConfigurationList section */
	};
	rootObject = C7E49843268B1A2800B6CA8B /* Project object */;
}
