// !$*UTF8*$!
{
	archiveVersion = 1;
	classes = {
	};
	objectVersion = 50;
	objects = {

/* Begin PBXBuildFile section */
		2C040671250E5C1DFBD4865A /* Pods_testSDK_testSDKUITests.framework in Frameworks */ = {isa = PBXBuildFile; fileRef = 2E22F0AFACC0E93C18ECA33F /* Pods_testSDK_testSDKUITests.framework */; };
		89D222AF86BA5D07DC55B369 /* Pods_testSDKTests.framework in Frameworks */ = {isa = PBXBuildFile; fileRef = B77F186C1069F36B4B26AA78 /* Pods_testSDKTests.framework */; };
		C7E499AA268B3B5000B6CA8B /* AppDelegate.swift in Sources */ = {isa = PBXBuildFile; fileRef = C7E499A9268B3B5000B6CA8B /* AppDelegate.swift */; };
		C7E499AC268B3B5000B6CA8B /* SceneDelegate.swift in Sources */ = {isa = PBXBuildFile; fileRef = C7E499AB268B3B5000B6CA8B /* SceneDelegate.swift */; };
		C7E499AE268B3B5000B6CA8B /* ViewController.swift in Sources */ = {isa = PBXBuildFile; fileRef = C7E499AD268B3B5000B6CA8B /* ViewController.swift */; };
		C7E499B1268B3B5000B6CA8B /* Main.storyboard in Resources */ = {isa = PBXBuildFile; fileRef = C7E499AF268B3B5000B6CA8B /* Main.storyboard */; };
		C7E499B3268B3B5200B6CA8B /* Assets.xcassets in Resources */ = {isa = PBXBuildFile; fileRef = C7E499B2268B3B5200B6CA8B /* Assets.xcassets */; };
		C7E499B6268B3B5200B6CA8B /* LaunchScreen.storyboard in Resources */ = {isa = PBXBuildFile; fileRef = C7E499B4268B3B5200B6CA8B /* LaunchScreen.storyboard */; };
		C7E499C1268B3B5200B6CA8B /* testSDKTests.swift in Sources */ = {isa = PBXBuildFile; fileRef = C7E499C0268B3B5200B6CA8B /* testSDKTests.swift */; };
		C7E499CC268B3B5200B6CA8B /* testSDKUITests.swift in Sources */ = {isa = PBXBuildFile; fileRef = C7E499CB268B3B5200B6CA8B /* testSDKUITests.swift */; };
		D5B2EACCF2ACED6F4A93F480 /* Pods_testSDK.framework in Frameworks */ = {isa = PBXBuildFile; fileRef = CF7A342B321E01052DD662DD /* Pods_testSDK.framework */; };
/* End PBXBuildFile section */

/* Begin PBXContainerItemProxy section */
		C7E499BD268B3B5200B6CA8B /* PBXContainerItemProxy */ = {
			isa = PBXContainerItemProxy;
			containerPortal = C7E4999E268B3B5000B6CA8B /* Project object */;
			proxyType = 1;
			remoteGlobalIDString = C7E499A5268B3B5000B6CA8B;
			remoteInfo = testSDK;
		};
		C7E499C8268B3B5200B6CA8B /* PBXContainerItemProxy */ = {
			isa = PBXContainerItemProxy;
			containerPortal = C7E4999E268B3B5000B6CA8B /* Project object */;
			proxyType = 1;
			remoteGlobalIDString = C7E499A5268B3B5000B6CA8B;
			remoteInfo = testSDK;
		};
/* End PBXContainerItemProxy section */

/* Begin PBXFileReference section */
		2E22F0AFACC0E93C18ECA33F /* Pods_testSDK_testSDKUITests.framework */ = {isa = PBXFileReference; explicitFileType = wrapper.framework; includeInIndex = 0; path = Pods_testSDK_testSDKUITests.framework; sourceTree = BUILT_PRODUCTS_DIR; };
		5EC140F28F1F4E5D9FA9E262 /* Pods-testSDKTests.debug.xcconfig */ = {isa = PBXFileReference; includeInIndex = 1; lastKnownFileType = text.xcconfig; name = "Pods-testSDKTests.debug.xcconfig"; path = "Target Support Files/Pods-testSDKTests/Pods-testSDKTests.debug.xcconfig"; sourceTree = "<group>"; };
		704F6D7C4E2CCD0F2FD020F3 /* Pods-testSDK.debug.xcconfig */ = {isa = PBXFileReference; includeInIndex = 1; lastKnownFileType = text.xcconfig; name = "Pods-testSDK.debug.xcconfig"; path = "Target Support Files/Pods-testSDK/Pods-testSDK.debug.xcconfig"; sourceTree = "<group>"; };
		7A2427BB6BBE8791C82DB0AA /* Pods-testSDK-testSDKUITests.release.xcconfig */ = {isa = PBXFileReference; includeInIndex = 1; lastKnownFileType = text.xcconfig; name = "Pods-testSDK-testSDKUITests.release.xcconfig"; path = "Target Support Files/Pods-testSDK-testSDKUITests/Pods-testSDK-testSDKUITests.release.xcconfig"; sourceTree = "<group>"; };
		A2B4307E5CF9E1BEAEC2D525 /* Pods-testSDK.release.xcconfig */ = {isa = PBXFileReference; includeInIndex = 1; lastKnownFileType = text.xcconfig; name = "Pods-testSDK.release.xcconfig"; path = "Target Support Files/Pods-testSDK/Pods-testSDK.release.xcconfig"; sourceTree = "<group>"; };
		AD268ED13F731855E1A121FE /* Pods-testSDKTests.release.xcconfig */ = {isa = PBXFileReference; includeInIndex = 1; lastKnownFileType = text.xcconfig; name = "Pods-testSDKTests.release.xcconfig"; path = "Target Support Files/Pods-testSDKTests/Pods-testSDKTests.release.xcconfig"; sourceTree = "<group>"; };
		AE318EA5FACA25DC658D7B9D /* Pods-testSDK-testSDKUITests.debug.xcconfig */ = {isa = PBXFileReference; includeInIndex = 1; lastKnownFileType = text.xcconfig; name = "Pods-testSDK-testSDKUITests.debug.xcconfig"; path = "Target Support Files/Pods-testSDK-testSDKUITests/Pods-testSDK-testSDKUITests.debug.xcconfig"; sourceTree = "<group>"; };
		B77F186C1069F36B4B26AA78 /* Pods_testSDKTests.framework */ = {isa = PBXFileReference; explicitFileType = wrapper.framework; includeInIndex = 0; path = Pods_testSDKTests.framework; sourceTree = BUILT_PRODUCTS_DIR; };
		C7E499A6268B3B5000B6CA8B /* testSDK.app */ = {isa = PBXFileReference; explicitFileType = wrapper.application; includeInIndex = 0; path = testSDK.app; sourceTree = BUILT_PRODUCTS_DIR; };
		C7E499A9268B3B5000B6CA8B /* AppDelegate.swift */ = {isa = PBXFileReference; lastKnownFileType = sourcecode.swift; path = AppDelegate.swift; sourceTree = "<group>"; };
		C7E499AB268B3B5000B6CA8B /* SceneDelegate.swift */ = {isa = PBXFileReference; lastKnownFileType = sourcecode.swift; path = SceneDelegate.swift; sourceTree = "<group>"; };
		C7E499AD268B3B5000B6CA8B /* ViewController.swift */ = {isa = PBXFileReference; lastKnownFileType = sourcecode.swift; path = ViewController.swift; sourceTree = "<group>"; };
		C7E499B0268B3B5000B6CA8B /* Base */ = {isa = PBXFileReference; lastKnownFileType = file.storyboard; name = Base; path = Base.lproj/Main.storyboard; sourceTree = "<group>"; };
		C7E499B2268B3B5200B6CA8B /* Assets.xcassets */ = {isa = PBXFileReference; lastKnownFileType = folder.assetcatalog; path = Assets.xcassets; sourceTree = "<group>"; };
		C7E499B5268B3B5200B6CA8B /* Base */ = {isa = PBXFileReference; lastKnownFileType = file.storyboard; name = Base; path = Base.lproj/LaunchScreen.storyboard; sourceTree = "<group>"; };
		C7E499B7268B3B5200B6CA8B /* Info.plist */ = {isa = PBXFileReference; lastKnownFileType = text.plist.xml; path = Info.plist; sourceTree = "<group>"; };
		C7E499BC268B3B5200B6CA8B /* testSDKTests.xctest */ = {isa = PBXFileReference; explicitFileType = wrapper.cfbundle; includeInIndex = 0; path = testSDKTests.xctest; sourceTree = BUILT_PRODUCTS_DIR; };
		C7E499C0268B3B5200B6CA8B /* testSDKTests.swift */ = {isa = PBXFileReference; lastKnownFileType = sourcecode.swift; path = testSDKTests.swift; sourceTree = "<group>"; };
		C7E499C2268B3B5200B6CA8B /* Info.plist */ = {isa = PBXFileReference; lastKnownFileType = text.plist.xml; path = Info.plist; sourceTree = "<group>"; };
		C7E499C7268B3B5200B6CA8B /* testSDKUITests.xctest */ = {isa = PBXFileReference; explicitFileType = wrapper.cfbundle; includeInIndex = 0; path = testSDKUITests.xctest; sourceTree = BUILT_PRODUCTS_DIR; };
		C7E499CB268B3B5200B6CA8B /* testSDKUITests.swift */ = {isa = PBXFileReference; lastKnownFileType = sourcecode.swift; path = testSDKUITests.swift; sourceTree = "<group>"; };
		C7E499CD268B3B5200B6CA8B /* Info.plist */ = {isa = PBXFileReference; lastKnownFileType = text.plist.xml; path = Info.plist; sourceTree = "<group>"; };
		CF7A342B321E01052DD662DD /* Pods_testSDK.framework */ = {isa = PBXFileReference; explicitFileType = wrapper.framework; includeInIndex = 0; path = Pods_testSDK.framework; sourceTree = BUILT_PRODUCTS_DIR; };
/* End PBXFileReference section */

/* Begin PBXFrameworksBuildPhase section */
		C7E499A3268B3B5000B6CA8B /* Frameworks */ = {
			isa = PBXFrameworksBuildPhase;
			buildActionMask = 2147483647;
			files = (
				D5B2EACCF2ACED6F4A93F480 /* Pods_testSDK.framework in Frameworks */,
			);
			runOnlyForDeploymentPostprocessing = 0;
		};
		C7E499B9268B3B5200B6CA8B /* Frameworks */ = {
			isa = PBXFrameworksBuildPhase;
			buildActionMask = 2147483647;
			files = (
				89D222AF86BA5D07DC55B369 /* Pods_testSDKTests.framework in Frameworks */,
			);
			runOnlyForDeploymentPostprocessing = 0;
		};
		C7E499C4268B3B5200B6CA8B /* Frameworks */ = {
			isa = PBXFrameworksBuildPhase;
			buildActionMask = 2147483647;
			files = (
				2C040671250E5C1DFBD4865A /* Pods_testSDK_testSDKUITests.framework in Frameworks */,
			);
			runOnlyForDeploymentPostprocessing = 0;
		};
/* End PBXFrameworksBuildPhase section */

/* Begin PBXGroup section */
		3C98392BCC272F14F5493F1C /* Pods */ = {
			isa = PBXGroup;
			children = (
				704F6D7C4E2CCD0F2FD020F3 /* Pods-testSDK.debug.xcconfig */,
				A2B4307E5CF9E1BEAEC2D525 /* Pods-testSDK.release.xcconfig */,
				AE318EA5FACA25DC658D7B9D /* Pods-testSDK-testSDKUITests.debug.xcconfig */,
				7A2427BB6BBE8791C82DB0AA /* Pods-testSDK-testSDKUITests.release.xcconfig */,
				5EC140F28F1F4E5D9FA9E262 /* Pods-testSDKTests.debug.xcconfig */,
				AD268ED13F731855E1A121FE /* Pods-testSDKTests.release.xcconfig */,
			);
			path = Pods;
			sourceTree = "<group>";
		};
		A8639AA5FB513EB49F256DC2 /* Frameworks */ = {
			isa = PBXGroup;
			children = (
				CF7A342B321E01052DD662DD /* Pods_testSDK.framework */,
				2E22F0AFACC0E93C18ECA33F /* Pods_testSDK_testSDKUITests.framework */,
				B77F186C1069F36B4B26AA78 /* Pods_testSDKTests.framework */,
			);
			name = Frameworks;
			sourceTree = "<group>";
		};
		C7E4999D268B3B5000B6CA8B = {
			isa = PBXGroup;
			children = (
				C7E499A8268B3B5000B6CA8B /* testSDK */,
				C7E499BF268B3B5200B6CA8B /* testSDKTests */,
				C7E499CA268B3B5200B6CA8B /* testSDKUITests */,
				C7E499A7268B3B5000B6CA8B /* Products */,
				3C98392BCC272F14F5493F1C /* Pods */,
				A8639AA5FB513EB49F256DC2 /* Frameworks */,
			);
			sourceTree = "<group>";
		};
		C7E499A7268B3B5000B6CA8B /* Products */ = {
			isa = PBXGroup;
			children = (
				C7E499A6268B3B5000B6CA8B /* testSDK.app */,
				C7E499BC268B3B5200B6CA8B /* testSDKTests.xctest */,
				C7E499C7268B3B5200B6CA8B /* testSDKUITests.xctest */,
			);
			name = Products;
			sourceTree = "<group>";
		};
		C7E499A8268B3B5000B6CA8B /* testSDK */ = {
			isa = PBXGroup;
			children = (
				C7E499A9268B3B5000B6CA8B /* AppDelegate.swift */,
				C7E499AB268B3B5000B6CA8B /* SceneDelegate.swift */,
				C7E499AD268B3B5000B6CA8B /* ViewController.swift */,
				C7E499AF268B3B5000B6CA8B /* Main.storyboard */,
				C7E499B2268B3B5200B6CA8B /* Assets.xcassets */,
				C7E499B4268B3B5200B6CA8B /* LaunchScreen.storyboard */,
				C7E499B7268B3B5200B6CA8B /* Info.plist */,
			);
			path = testSDK;
			sourceTree = "<group>";
		};
		C7E499BF268B3B5200B6CA8B /* testSDKTests */ = {
			isa = PBXGroup;
			children = (
				C7E499C0268B3B5200B6CA8B /* testSDKTests.swift */,
				C7E499C2268B3B5200B6CA8B /* Info.plist */,
			);
			path = testSDKTests;
			sourceTree = "<group>";
		};
		C7E499CA268B3B5200B6CA8B /* testSDKUITests */ = {
			isa = PBXGroup;
			children = (
				C7E499CB268B3B5200B6CA8B /* testSDKUITests.swift */,
				C7E499CD268B3B5200B6CA8B /* Info.plist */,
			);
			path = testSDKUITests;
			sourceTree = "<group>";
		};
/* End PBXGroup section */

/* Begin PBXNativeTarget section */
		C7E499A5268B3B5000B6CA8B /* testSDK */ = {
			isa = PBXNativeTarget;
			buildConfigurationList = C7E499D0268B3B5200B6CA8B /* Build configuration list for PBXNativeTarget "testSDK" */;
			buildPhases = (
				80DF44149243E55C7AD432BD /* [CP] Check Pods Manifest.lock */,
				C7E499A2268B3B5000B6CA8B /* Sources */,
				C7E499A3268B3B5000B6CA8B /* Frameworks */,
				C7E499A4268B3B5000B6CA8B /* Resources */,
			);
			buildRules = (
			);
			dependencies = (
			);
			name = testSDK;
			productName = testSDK;
			productReference = C7E499A6268B3B5000B6CA8B /* testSDK.app */;
			productType = "com.apple.product-type.application";
		};
		C7E499BB268B3B5200B6CA8B /* testSDKTests */ = {
			isa = PBXNativeTarget;
			buildConfigurationList = C7E499D3268B3B5200B6CA8B /* Build configuration list for PBXNativeTarget "testSDKTests" */;
			buildPhases = (
				7F601DBF4E2BFF2DF4CCB07E /* [CP] Check Pods Manifest.lock */,
				C7E499B8268B3B5200B6CA8B /* Sources */,
				C7E499B9268B3B5200B6CA8B /* Frameworks */,
				C7E499BA268B3B5200B6CA8B /* Resources */,
			);
			buildRules = (
			);
			dependencies = (
				C7E499BE268B3B5200B6CA8B /* PBXTargetDependency */,
			);
			name = testSDKTests;
			productName = testSDKTests;
			productReference = C7E499BC268B3B5200B6CA8B /* testSDKTests.xctest */;
			productType = "com.apple.product-type.bundle.unit-test";
		};
		C7E499C6268B3B5200B6CA8B /* testSDKUITests */ = {
			isa = PBXNativeTarget;
			buildConfigurationList = C7E499D6268B3B5200B6CA8B /* Build configuration list for PBXNativeTarget "testSDKUITests" */;
			buildPhases = (
				AA57A45800AA4A7E57603477 /* [CP] Check Pods Manifest.lock */,
				C7E499C3268B3B5200B6CA8B /* Sources */,
				C7E499C4268B3B5200B6CA8B /* Frameworks */,
				C7E499C5268B3B5200B6CA8B /* Resources */,
			);
			buildRules = (
			);
			dependencies = (
				C7E499C9268B3B5200B6CA8B /* PBXTargetDependency */,
			);
			name = testSDKUITests;
			productName = testSDKUITests;
			productReference = C7E499C7268B3B5200B6CA8B /* testSDKUITests.xctest */;
			productType = "com.apple.product-type.bundle.ui-testing";
		};
/* End PBXNativeTarget section */

/* Begin PBXProject section */
		C7E4999E268B3B5000B6CA8B /* Project object */ = {
			isa = PBXProject;
			attributes = {
				LastSwiftUpdateCheck = 1250;
				LastUpgradeCheck = 1250;
				TargetAttributes = {
					C7E499A5268B3B5000B6CA8B = {
						CreatedOnToolsVersion = 12.5;
					};
					C7E499BB268B3B5200B6CA8B = {
						CreatedOnToolsVersion = 12.5;
						TestTargetID = C7E499A5268B3B5000B6CA8B;
					};
					C7E499C6268B3B5200B6CA8B = {
						CreatedOnToolsVersion = 12.5;
						TestTargetID = C7E499A5268B3B5000B6CA8B;
					};
				};
			};
			buildConfigurationList = C7E499A1268B3B5000B6CA8B /* Build configuration list for PBXProject "testSDK" */;
			compatibilityVersion = "Xcode 9.3";
			developmentRegion = en;
			hasScannedForEncodings = 0;
			knownRegions = (
				en,
				Base,
			);
			mainGroup = C7E4999D268B3B5000B6CA8B;
			productRefGroup = C7E499A7268B3B5000B6CA8B /* Products */;
			projectDirPath = "";
			projectRoot = "";
			targets = (
				C7E499A5268B3B5000B6CA8B /* testSDK */,
				C7E499BB268B3B5200B6CA8B /* testSDKTests */,
				C7E499C6268B3B5200B6CA8B /* testSDKUITests */,
			);
		};
/* End PBXProject section */

/* Begin PBXResourcesBuildPhase section */
		C7E499A4268B3B5000B6CA8B /* Resources */ = {
			isa = PBXResourcesBuildPhase;
			buildActionMask = 2147483647;
			files = (
				C7E499B6268B3B5200B6CA8B /* LaunchScreen.storyboard in Resources */,
				C7E499B3268B3B5200B6CA8B /* Assets.xcassets in Resources */,
				C7E499B1268B3B5000B6CA8B /* Main.storyboard in Resources */,
			);
			runOnlyForDeploymentPostprocessing = 0;
		};
		C7E499BA268B3B5200B6CA8B /* Resources */ = {
			isa = PBXResourcesBuildPhase;
			buildActionMask = 2147483647;
			files = (
			);
			runOnlyForDeploymentPostprocessing = 0;
		};
		C7E499C5268B3B5200B6CA8B /* Resources */ = {
			isa = PBXResourcesBuildPhase;
			buildActionMask = 2147483647;
			files = (
			);
			runOnlyForDeploymentPostprocessing = 0;
		};
/* End PBXResourcesBuildPhase section */

/* Begin PBXShellScriptBuildPhase section */
		7F601DBF4E2BFF2DF4CCB07E /* [CP] Check Pods Manifest.lock */ = {
			isa = PBXShellScriptBuildPhase;
			buildActionMask = 2147483647;
			files = (
			);
			inputFileListPaths = (
			);
			inputPaths = (
				"${PODS_PODFILE_DIR_PATH}/Podfile.lock",
				"${PODS_ROOT}/Manifest.lock",
			);
			name = "[CP] Check Pods Manifest.lock";
			outputFileListPaths = (
			);
			outputPaths = (
				"$(DERIVED_FILE_DIR)/Pods-testSDKTests-checkManifestLockResult.txt",
			);
			runOnlyForDeploymentPostprocessing = 0;
			shellPath = /bin/sh;
			shellScript = "diff \"${PODS_PODFILE_DIR_PATH}/Podfile.lock\" \"${PODS_ROOT}/Manifest.lock\" > /dev/null\nif [ $? != 0 ] ; then\n    # print error to STDERR\n    echo \"error: The sandbox is not in sync with the Podfile.lock. Run 'pod install' or update your CocoaPods installation.\" >&2\n    exit 1\nfi\n# This output is used by Xcode 'outputs' to avoid re-running this script phase.\necho \"SUCCESS\" > \"${SCRIPT_OUTPUT_FILE_0}\"\n";
			showEnvVarsInLog = 0;
		};
		80DF44149243E55C7AD432BD /* [CP] Check Pods Manifest.lock */ = {
			isa = PBXShellScriptBuildPhase;
			buildActionMask = 2147483647;
			files = (
			);
			inputFileListPaths = (
			);
			inputPaths = (
				"${PODS_PODFILE_DIR_PATH}/Podfile.lock",
				"${PODS_ROOT}/Manifest.lock",
			);
			name = "[CP] Check Pods Manifest.lock";
			outputFileListPaths = (
			);
			outputPaths = (
				"$(DERIVED_FILE_DIR)/Pods-testSDK-checkManifestLockResult.txt",
			);
			runOnlyForDeploymentPostprocessing = 0;
			shellPath = /bin/sh;
			shellScript = "diff \"${PODS_PODFILE_DIR_PATH}/Podfile.lock\" \"${PODS_ROOT}/Manifest.lock\" > /dev/null\nif [ $? != 0 ] ; then\n    # print error to STDERR\n    echo \"error: The sandbox is not in sync with the Podfile.lock. Run 'pod install' or update your CocoaPods installation.\" >&2\n    exit 1\nfi\n# This output is used by Xcode 'outputs' to avoid re-running this script phase.\necho \"SUCCESS\" > \"${SCRIPT_OUTPUT_FILE_0}\"\n";
			showEnvVarsInLog = 0;
		};
		AA57A45800AA4A7E57603477 /* [CP] Check Pods Manifest.lock */ = {
			isa = PBXShellScriptBuildPhase;
			buildActionMask = 2147483647;
			files = (
			);
			inputFileListPaths = (
			);
			inputPaths = (
				"${PODS_PODFILE_DIR_PATH}/Podfile.lock",
				"${PODS_ROOT}/Manifest.lock",
			);
			name = "[CP] Check Pods Manifest.lock";
			outputFileListPaths = (
			);
			outputPaths = (
				"$(DERIVED_FILE_DIR)/Pods-testSDK-testSDKUITests-checkManifestLockResult.txt",
			);
			runOnlyForDeploymentPostprocessing = 0;
			shellPath = /bin/sh;
			shellScript = "diff \"${PODS_PODFILE_DIR_PATH}/Podfile.lock\" \"${PODS_ROOT}/Manifest.lock\" > /dev/null\nif [ $? != 0 ] ; then\n    # print error to STDERR\n    echo \"error: The sandbox is not in sync with the Podfile.lock. Run 'pod install' or update your CocoaPods installation.\" >&2\n    exit 1\nfi\n# This output is used by Xcode 'outputs' to avoid re-running this script phase.\necho \"SUCCESS\" > \"${SCRIPT_OUTPUT_FILE_0}\"\n";
			showEnvVarsInLog = 0;
		};
/* End PBXShellScriptBuildPhase section */

/* Begin PBXSourcesBuildPhase section */
		C7E499A2268B3B5000B6CA8B /* Sources */ = {
			isa = PBXSourcesBuildPhase;
			buildActionMask = 2147483647;
			files = (
				C7E499AE268B3B5000B6CA8B /* ViewController.swift in Sources */,
				C7E499AA268B3B5000B6CA8B /* AppDelegate.swift in Sources */,
				C7E499AC268B3B5000B6CA8B /* SceneDelegate.swift in Sources */,
			);
			runOnlyForDeploymentPostprocessing = 0;
		};
		C7E499B8268B3B5200B6CA8B /* Sources */ = {
			isa = PBXSourcesBuildPhase;
			buildActionMask = 2147483647;
			files = (
				C7E499C1268B3B5200B6CA8B /* testSDKTests.swift in Sources */,
			);
			runOnlyForDeploymentPostprocessing = 0;
		};
		C7E499C3268B3B5200B6CA8B /* Sources */ = {
			isa = PBXSourcesBuildPhase;
			buildActionMask = 2147483647;
			files = (
				C7E499CC268B3B5200B6CA8B /* testSDKUITests.swift in Sources */,
			);
			runOnlyForDeploymentPostprocessing = 0;
		};
/* End PBXSourcesBuildPhase section */

/* Begin PBXTargetDependency section */
		C7E499BE268B3B5200B6CA8B /* PBXTargetDependency */ = {
			isa = PBXTargetDependency;
			target = C7E499A5268B3B5000B6CA8B /* testSDK */;
			targetProxy = C7E499BD268B3B5200B6CA8B /* PBXContainerItemProxy */;
		};
		C7E499C9268B3B5200B6CA8B /* PBXTargetDependency */ = {
			isa = PBXTargetDependency;
			target = C7E499A5268B3B5000B6CA8B /* testSDK */;
			targetProxy = C7E499C8268B3B5200B6CA8B /* PBXContainerItemProxy */;
		};
/* End PBXTargetDependency section */

/* Begin PBXVariantGroup section */
		C7E499AF268B3B5000B6CA8B /* Main.storyboard */ = {
			isa = PBXVariantGroup;
			children = (
				C7E499B0268B3B5000B6CA8B /* Base */,
			);
			name = Main.storyboard;
			sourceTree = "<group>";
		};
		C7E499B4268B3B5200B6CA8B /* LaunchScreen.storyboard */ = {
			isa = PBXVariantGroup;
			children = (
				C7E499B5268B3B5200B6CA8B /* Base */,
			);
			name = LaunchScreen.storyboard;
			sourceTree = "<group>";
		};
/* End PBXVariantGroup section */

/* Begin XCBuildConfiguration section */
		C7E499CE268B3B5200B6CA8B /* Debug */ = {
			isa = XCBuildConfiguration;
			buildSettings = {
				ALWAYS_SEARCH_USER_PATHS = NO;
				CLANG_ANALYZER_NONNULL = YES;
				CLANG_ANALYZER_NUMBER_OBJECT_CONVERSION = YES_AGGRESSIVE;
				CLANG_CXX_LANGUAGE_STANDARD = "gnu++14";
				CLANG_CXX_LIBRARY = "libc++";
				CLANG_ENABLE_MODULES = YES;
				CLANG_ENABLE_OBJC_ARC = YES;
				CLANG_ENABLE_OBJC_WEAK = YES;
				CLANG_WARN_BLOCK_CAPTURE_AUTORELEASING = YES;
				CLANG_WARN_BOOL_CONVERSION = YES;
				CLANG_WARN_COMMA = YES;
				CLANG_WARN_CONSTANT_CONVERSION = YES;
				CLANG_WARN_DEPRECATED_OBJC_IMPLEMENTATIONS = YES;
				CLANG_WARN_DIRECT_OBJC_ISA_USAGE = YES_ERROR;
				CLANG_WARN_DOCUMENTATION_COMMENTS = YES;
				CLANG_WARN_EMPTY_BODY = YES;
				CLANG_WARN_ENUM_CONVERSION = YES;
				CLANG_WARN_INFINITE_RECURSION = YES;
				CLANG_WARN_INT_CONVERSION = YES;
				CLANG_WARN_NON_LITERAL_NULL_CONVERSION = YES;
				CLANG_WARN_OBJC_IMPLICIT_RETAIN_SELF = YES;
				CLANG_WARN_OBJC_LITERAL_CONVERSION = YES;
				CLANG_WARN_OBJC_ROOT_CLASS = YES_ERROR;
				CLANG_WARN_QUOTED_INCLUDE_IN_FRAMEWORK_HEADER = YES;
				CLANG_WARN_RANGE_LOOP_ANALYSIS = YES;
				CLANG_WARN_STRICT_PROTOTYPES = YES;
				CLANG_WARN_SUSPICIOUS_MOVE = YES;
				CLANG_WARN_UNGUARDED_AVAILABILITY = YES_AGGRESSIVE;
				CLANG_WARN_UNREACHABLE_CODE = YES;
				CLANG_WARN__DUPLICATE_METHOD_MATCH = YES;
				COPY_PHASE_STRIP = NO;
				DEBUG_INFORMATION_FORMAT = dwarf;
				ENABLE_STRICT_OBJC_MSGSEND = YES;
				ENABLE_TESTABILITY = YES;
				GCC_C_LANGUAGE_STANDARD = gnu11;
				GCC_DYNAMIC_NO_PIC = NO;
				GCC_NO_COMMON_BLOCKS = YES;
				GCC_OPTIMIZATION_LEVEL = 0;
				GCC_PREPROCESSOR_DEFINITIONS = (
					"DEBUG=1",
					"$(inherited)",
				);
				GCC_WARN_64_TO_32_BIT_CONVERSION = YES;
				GCC_WARN_ABOUT_RETURN_TYPE = YES_ERROR;
				GCC_WARN_UNDECLARED_SELECTOR = YES;
				GCC_WARN_UNINITIALIZED_AUTOS = YES_AGGRESSIVE;
				GCC_WARN_UNUSED_FUNCTION = YES;
				GCC_WARN_UNUSED_VARIABLE = YES;
				IPHONEOS_DEPLOYMENT_TARGET = 13.0;
				MTL_ENABLE_DEBUG_INFO = INCLUDE_SOURCE;
				MTL_FAST_MATH = YES;
				ONLY_ACTIVE_ARCH = YES;
				SDKROOT = iphoneos;
				SWIFT_ACTIVE_COMPILATION_CONDITIONS = DEBUG;
				SWIFT_OPTIMIZATION_LEVEL = "-Onone";
			};
			name = Debug;
		};
		C7E499CF268B3B5200B6CA8B /* Release */ = {
			isa = XCBuildConfiguration;
			buildSettings = {
				ALWAYS_SEARCH_USER_PATHS = NO;
				CLANG_ANALYZER_NONNULL = YES;
				CLANG_ANALYZER_NUMBER_OBJECT_CONVERSION = YES_AGGRESSIVE;
				CLANG_CXX_LANGUAGE_STANDARD = "gnu++14";
				CLANG_CXX_LIBRARY = "libc++";
				CLANG_ENABLE_MODULES = YES;
				CLANG_ENABLE_OBJC_ARC = YES;
				CLANG_ENABLE_OBJC_WEAK = YES;
				CLANG_WARN_BLOCK_CAPTURE_AUTORELEASING = YES;
				CLANG_WARN_BOOL_CONVERSION = YES;
				CLANG_WARN_COMMA = YES;
				CLANG_WARN_CONSTANT_CONVERSION = YES;
				CLANG_WARN_DEPRECATED_OBJC_IMPLEMENTATIONS = YES;
				CLANG_WARN_DIRECT_OBJC_ISA_USAGE = YES_ERROR;
				CLANG_WARN_DOCUMENTATION_COMMENTS = YES;
				CLANG_WARN_EMPTY_BODY = YES;
				CLANG_WARN_ENUM_CONVERSION = YES;
				CLANG_WARN_INFINITE_RECURSION = YES;
				CLANG_WARN_INT_CONVERSION = YES;
				CLANG_WARN_NON_LITERAL_NULL_CONVERSION = YES;
				CLANG_WARN_OBJC_IMPLICIT_RETAIN_SELF = YES;
				CLANG_WARN_OBJC_LITERAL_CONVERSION = YES;
				CLANG_WARN_OBJC_ROOT_CLASS = YES_ERROR;
				CLANG_WARN_QUOTED_INCLUDE_IN_FRAMEWORK_HEADER = YES;
				CLANG_WARN_RANGE_LOOP_ANALYSIS = YES;
				CLANG_WARN_STRICT_PROTOTYPES = YES;
				CLANG_WARN_SUSPICIOUS_MOVE = YES;
				CLANG_WARN_UNGUARDED_AVAILABILITY = YES_AGGRESSIVE;
				CLANG_WARN_UNREACHABLE_CODE = YES;
				CLANG_WARN__DUPLICATE_METHOD_MATCH = YES;
				COPY_PHASE_STRIP = NO;
				DEBUG_INFORMATION_FORMAT = "dwarf-with-dsym";
				ENABLE_NS_ASSERTIONS = NO;
				ENABLE_STRICT_OBJC_MSGSEND = YES;
				GCC_C_LANGUAGE_STANDARD = gnu11;
				GCC_NO_COMMON_BLOCKS = YES;
				GCC_WARN_64_TO_32_BIT_CONVERSION = YES;
				GCC_WARN_ABOUT_RETURN_TYPE = YES_ERROR;
				GCC_WARN_UNDECLARED_SELECTOR = YES;
				GCC_WARN_UNINITIALIZED_AUTOS = YES_AGGRESSIVE;
				GCC_WARN_UNUSED_FUNCTION = YES;
				GCC_WARN_UNUSED_VARIABLE = YES;
				IPHONEOS_DEPLOYMENT_TARGET = 13.0;
				MTL_ENABLE_DEBUG_INFO = NO;
				MTL_FAST_MATH = YES;
				SDKROOT = iphoneos;
				SWIFT_COMPILATION_MODE = wholemodule;
				SWIFT_OPTIMIZATION_LEVEL = "-O";
				VALIDATE_PRODUCT = YES;
			};
			name = Release;
		};
		C7E499D1268B3B5200B6CA8B /* Debug */ = {
			isa = XCBuildConfiguration;
			baseConfigurationReference = 704F6D7C4E2CCD0F2FD020F3 /* Pods-testSDK.debug.xcconfig */;
			buildSettings = {
				ASSETCATALOG_COMPILER_APPICON_NAME = AppIcon;
				ASSETCATALOG_COMPILER_GLOBAL_ACCENT_COLOR_NAME = AccentColor;
				CODE_SIGN_STYLE = Automatic;
				DEVELOPMENT_TEAM = ZW9DGWZF4V;
				INFOPLIST_FILE = testSDK/Info.plist;
				LD_RUNPATH_SEARCH_PATHS = (
					"$(inherited)",
					"@executable_path/Frameworks",
				);
				PRODUCT_BUNDLE_IDENTIFIER = com.inmanage.testSDK;
				PRODUCT_NAME = "$(TARGET_NAME)";
				SWIFT_VERSION = 5.0;
				TARGETED_DEVICE_FAMILY = 1;
			};
			name = Debug;
		};
		C7E499D2268B3B5200B6CA8B /* Release */ = {
			isa = XCBuildConfiguration;
			baseConfigurationReference = A2B4307E5CF9E1BEAEC2D525 /* Pods-testSDK.release.xcconfig */;
			buildSettings = {
				ASSETCATALOG_COMPILER_APPICON_NAME = AppIcon;
				ASSETCATALOG_COMPILER_GLOBAL_ACCENT_COLOR_NAME = AccentColor;
				CODE_SIGN_STYLE = Automatic;
				DEVELOPMENT_TEAM = ZW9DGWZF4V;
				INFOPLIST_FILE = testSDK/Info.plist;
				LD_RUNPATH_SEARCH_PATHS = (
					"$(inherited)",
					"@executable_path/Frameworks",
				);
				PRODUCT_BUNDLE_IDENTIFIER = com.inmanage.testSDK;
				PRODUCT_NAME = "$(TARGET_NAME)";
				SWIFT_VERSION = 5.0;
				TARGETED_DEVICE_FAMILY = 1;
			};
			name = Release;
		};
		C7E499D4268B3B5200B6CA8B /* Debug */ = {
			isa = XCBuildConfiguration;
			baseConfigurationReference = 5EC140F28F1F4E5D9FA9E262 /* Pods-testSDKTests.debug.xcconfig */;
			buildSettings = {
				ALWAYS_EMBED_SWIFT_STANDARD_LIBRARIES = YES;
				BUNDLE_LOADER = "$(TEST_HOST)";
				CODE_SIGN_STYLE = Automatic;
				DEVELOPMENT_TEAM = ZW9DGWZF4V;
				INFOPLIST_FILE = testSDKTests/Info.plist;
				IPHONEOS_DEPLOYMENT_TARGET = 14.5;
				LD_RUNPATH_SEARCH_PATHS = (
					"$(inherited)",
					"@executable_path/Frameworks",
					"@loader_path/Frameworks",
				);
				PRODUCT_BUNDLE_IDENTIFIER = com.inmanage.testSDKTests;
				PRODUCT_NAME = "$(TARGET_NAME)";
				SWIFT_VERSION = 5.0;
				TARGETED_DEVICE_FAMILY = "1,2";
				TEST_HOST = "$(BUILT_PRODUCTS_DIR)/testSDK.app/testSDK";
			};
			name = Debug;
		};
		C7E499D5268B3B5200B6CA8B /* Release */ = {
			isa = XCBuildConfiguration;
			baseConfigurationReference = AD268ED13F731855E1A121FE /* Pods-testSDKTests.release.xcconfig */;
			buildSettings = {
				ALWAYS_EMBED_SWIFT_STANDARD_LIBRARIES = YES;
				BUNDLE_LOADER = "$(TEST_HOST)";
				CODE_SIGN_STYLE = Automatic;
				DEVELOPMENT_TEAM = ZW9DGWZF4V;
				INFOPLIST_FILE = testSDKTests/Info.plist;
				IPHONEOS_DEPLOYMENT_TARGET = 14.5;
				LD_RUNPATH_SEARCH_PATHS = (
					"$(inherited)",
					"@executable_path/Frameworks",
					"@loader_path/Frameworks",
				);
				PRODUCT_BUNDLE_IDENTIFIER = com.inmanage.testSDKTests;
				PRODUCT_NAME = "$(TARGET_NAME)";
				SWIFT_VERSION = 5.0;
				TARGETED_DEVICE_FAMILY = "1,2";
				TEST_HOST = "$(BUILT_PRODUCTS_DIR)/testSDK.app/testSDK";
			};
			name = Release;
		};
		C7E499D7268B3B5200B6CA8B /* Debug */ = {
			isa = XCBuildConfiguration;
			baseConfigurationReference = AE318EA5FACA25DC658D7B9D /* Pods-testSDK-testSDKUITests.debug.xcconfig */;
			buildSettings = {
				ALWAYS_EMBED_SWIFT_STANDARD_LIBRARIES = YES;
				CODE_SIGN_STYLE = Automatic;
				DEVELOPMENT_TEAM = ZW9DGWZF4V;
				INFOPLIST_FILE = testSDKUITests/Info.plist;
				LD_RUNPATH_SEARCH_PATHS = (
					"$(inherited)",
					"@executable_path/Frameworks",
					"@loader_path/Frameworks",
				);
				PRODUCT_BUNDLE_IDENTIFIER = com.inmanage.testSDKUITests;
				PRODUCT_NAME = "$(TARGET_NAME)";
				SWIFT_VERSION = 5.0;
				TARGETED_DEVICE_FAMILY = "1,2";
				TEST_TARGET_NAME = testSDK;
			};
			name = Debug;
		};
		C7E499D8268B3B5200B6CA8B /* Release */ = {
			isa = XCBuildConfiguration;
			baseConfigurationReference = 7A2427BB6BBE8791C82DB0AA /* Pods-testSDK-testSDKUITests.release.xcconfig */;
			buildSettings = {
				ALWAYS_EMBED_SWIFT_STANDARD_LIBRARIES = YES;
				CODE_SIGN_STYLE = Automatic;
				DEVELOPMENT_TEAM = ZW9DGWZF4V;
				INFOPLIST_FILE = testSDKUITests/Info.plist;
				LD_RUNPATH_SEARCH_PATHS = (
					"$(inherited)",
					"@executable_path/Frameworks",
					"@loader_path/Frameworks",
				);
				PRODUCT_BUNDLE_IDENTIFIER = com.inmanage.testSDKUITests;
				PRODUCT_NAME = "$(TARGET_NAME)";
				SWIFT_VERSION = 5.0;
				TARGETED_DEVICE_FAMILY = "1,2";
				TEST_TARGET_NAME = testSDK;
			};
			name = Release;
		};
/* End XCBuildConfiguration section */

/* Begin XCConfigurationList section */
		C7E499A1268B3B5000B6CA8B /* Build configuration list for PBXProject "testSDK" */ = {
			isa = XCConfigurationList;
			buildConfigurations = (
				C7E499CE268B3B5200B6CA8B /* Debug */,
				C7E499CF268B3B5200B6CA8B /* Release */,
			);
			defaultConfigurationIsVisible = 0;
			defaultConfigurationName = Release;
		};
		C7E499D0268B3B5200B6CA8B /* Build configuration list for PBXNativeTarget "testSDK" */ = {
			isa = XCConfigurationList;
			buildConfigurations = (
				C7E499D1268B3B5200B6CA8B /* Debug */,
				C7E499D2268B3B5200B6CA8B /* Release */,
			);
			defaultConfigurationIsVisible = 0;
			defaultConfigurationName = Release;
		};
		C7E499D3268B3B5200B6CA8B /* Build configuration list for PBXNativeTarget "testSDKTests" */ = {
			isa = XCConfigurationList;
			buildConfigurations = (
				C7E499D4268B3B5200B6CA8B /* Debug */,
				C7E499D5268B3B5200B6CA8B /* Release */,
			);
			defaultConfigurationIsVisible = 0;
			defaultConfigurationName = Release;
		};
		C7E499D6268B3B5200B6CA8B /* Build configuration list for PBXNativeTarget "testSDKUITests" */ = {
			isa = XCConfigurationList;
			buildConfigurations = (
				C7E499D7268B3B5200B6CA8B /* Debug */,
				C7E499D8268B3B5200B6CA8B /* Release */,
			);
			defaultConfigurationIsVisible = 0;
			defaultConfigurationName = Release;
		};
/* End XCConfigurationList section */
	};
	rootObject = C7E4999E268B3B5000B6CA8B /* Project object */;
}
