// !$*UTF8*$!
{
	archiveVersion = 1;
	classes = {
	};
	objectVersion = 51;
	objects = {

/* Begin PBXBuildFile section */
		AE81C2D385077C2CF7E2B585 /* Pods_testSDK.framework in Frameworks */ = {isa = PBXBuildFile; fileRef = 8078CF1113D37D4F64899F27 /* Pods_testSDK.framework */; };
		C7E499AA268B3B5000B6CA8B /* AppDelegate.swift in Sources */ = {isa = PBXBuildFile; fileRef = C7E499A9268B3B5000B6CA8B /* AppDelegate.swift */; };
		C7E499AC268B3B5000B6CA8B /* SceneDelegate.swift in Sources */ = {isa = PBXBuildFile; fileRef = C7E499AB268B3B5000B6CA8B /* SceneDelegate.swift */; };
		C7E499AE268B3B5000B6CA8B /* ViewController.swift in Sources */ = {isa = PBXBuildFile; fileRef = C7E499AD268B3B5000B6CA8B /* ViewController.swift */; };
		C7E499B1268B3B5000B6CA8B /* Main.storyboard in Resources */ = {isa = PBXBuildFile; fileRef = C7E499AF268B3B5000B6CA8B /* Main.storyboard */; };
		C7E499B3268B3B5200B6CA8B /* Assets.xcassets in Resources */ = {isa = PBXBuildFile; fileRef = C7E499B2268B3B5200B6CA8B /* Assets.xcassets */; };
		C7E499B6268B3B5200B6CA8B /* LaunchScreen.storyboard in Resources */ = {isa = PBXBuildFile; fileRef = C7E499B4268B3B5200B6CA8B /* LaunchScreen.storyboard */; };
/* End PBXBuildFile section */

/* Begin PBXFileReference section */
		78B5FE0FCC80D4A7A6AAE160 /* Pods-testSDK.release.xcconfig */ = {isa = PBXFileReference; includeInIndex = 1; lastKnownFileType = text.xcconfig; name = "Pods-testSDK.release.xcconfig"; path = "Target Support Files/Pods-testSDK/Pods-testSDK.release.xcconfig"; sourceTree = "<group>"; };
		8078CF1113D37D4F64899F27 /* Pods_testSDK.framework */ = {isa = PBXFileReference; explicitFileType = wrapper.framework; includeInIndex = 0; path = Pods_testSDK.framework; sourceTree = BUILT_PRODUCTS_DIR; };
		C7E499A6268B3B5000B6CA8B /* testSDK.app */ = {isa = PBXFileReference; explicitFileType = wrapper.application; includeInIndex = 0; path = testSDK.app; sourceTree = BUILT_PRODUCTS_DIR; };
		C7E499A9268B3B5000B6CA8B /* AppDelegate.swift */ = {isa = PBXFileReference; lastKnownFileType = sourcecode.swift; path = AppDelegate.swift; sourceTree = "<group>"; };
		C7E499AB268B3B5000B6CA8B /* SceneDelegate.swift */ = {isa = PBXFileReference; lastKnownFileType = sourcecode.swift; path = SceneDelegate.swift; sourceTree = "<group>"; };
		C7E499AD268B3B5000B6CA8B /* ViewController.swift */ = {isa = PBXFileReference; lastKnownFileType = sourcecode.swift; path = ViewController.swift; sourceTree = "<group>"; };
		C7E499B0268B3B5000B6CA8B /* Base */ = {isa = PBXFileReference; lastKnownFileType = file.storyboard; name = Base; path = Base.lproj/Main.storyboard; sourceTree = "<group>"; };
		C7E499B2268B3B5200B6CA8B /* Assets.xcassets */ = {isa = PBXFileReference; lastKnownFileType = folder.assetcatalog; path = Assets.xcassets; sourceTree = "<group>"; };
		C7E499B5268B3B5200B6CA8B /* Base */ = {isa = PBXFileReference; lastKnownFileType = file.storyboard; name = Base; path = Base.lproj/LaunchScreen.storyboard; sourceTree = "<group>"; };
		C7E499B7268B3B5200B6CA8B /* Info.plist */ = {isa = PBXFileReference; lastKnownFileType = text.plist.xml; path = Info.plist; sourceTree = "<group>"; };
		F8FCFFE1A79EF3065A13A1B8 /* Pods-testSDK.debug.xcconfig */ = {isa = PBXFileReference; includeInIndex = 1; lastKnownFileType = text.xcconfig; name = "Pods-testSDK.debug.xcconfig"; path = "Target Support Files/Pods-testSDK/Pods-testSDK.debug.xcconfig"; sourceTree = "<group>"; };
/* End PBXFileReference section */

/* Begin PBXFrameworksBuildPhase section */
		C7E499A3268B3B5000B6CA8B /* Frameworks */ = {
			isa = PBXFrameworksBuildPhase;
			buildActionMask = 2147483647;
			files = (
				AE81C2D385077C2CF7E2B585 /* Pods_testSDK.framework in Frameworks */,
			);
			runOnlyForDeploymentPostprocessing = 0;
		};
/* End PBXFrameworksBuildPhase section */

/* Begin PBXGroup section */
		309BBE97F4CFD3C8DE8D3F2D /* Frameworks */ = {
			isa = PBXGroup;
			children = (
				8078CF1113D37D4F64899F27 /* Pods_testSDK.framework */,
			);
			name = Frameworks;
			sourceTree = "<group>";
		};
		3C98392BCC272F14F5493F1C /* Pods */ = {
			isa = PBXGroup;
			children = (
				F8FCFFE1A79EF3065A13A1B8 /* Pods-testSDK.debug.xcconfig */,
				78B5FE0FCC80D4A7A6AAE160 /* Pods-testSDK.release.xcconfig */,
			);
			path = Pods;
			sourceTree = "<group>";
		};
		C7E4999D268B3B5000B6CA8B = {
			isa = PBXGroup;
			children = (
				C7E499A8268B3B5000B6CA8B /* testSDK */,
				C7E499A7268B3B5000B6CA8B /* Products */,
				3C98392BCC272F14F5493F1C /* Pods */,
				309BBE97F4CFD3C8DE8D3F2D /* Frameworks */,
			);
			sourceTree = "<group>";
		};
		C7E499A7268B3B5000B6CA8B /* Products */ = {
			isa = PBXGroup;
			children = (
				C7E499A6268B3B5000B6CA8B /* testSDK.app */,
			);
			name = Products;
			sourceTree = "<group>";
		};
		C7E499A8268B3B5000B6CA8B /* testSDK */ = {
			isa = PBXGroup;
			children = (
				C7E499A9268B3B5000B6CA8B /* AppDelegate.swift */,
				C7E499AB268B3B5000B6CA8B /* SceneDelegate.swift */,
				C7E499AD268B3B5000B6CA8B /* ViewController.swift */,
				C7E499AF268B3B5000B6CA8B /* Main.storyboard */,
				C7E499B2268B3B5200B6CA8B /* Assets.xcassets */,
				C7E499B4268B3B5200B6CA8B /* LaunchScreen.storyboard */,
				C7E499B7268B3B5200B6CA8B /* Info.plist */,
			);
			path = testSDK;
			sourceTree = "<group>";
		};
/* End PBXGroup section */

/* Begin PBXNativeTarget section */
		C7E499A5268B3B5000B6CA8B /* testSDK */ = {
			isa = PBXNativeTarget;
			buildConfigurationList = C7E499D0268B3B5200B6CA8B /* Build configuration list for PBXNativeTarget "testSDK" */;
			buildPhases = (
				4F3B37C91940086B4534CAF6 /* [CP] Check Pods Manifest.lock */,
				C7E499A2268B3B5000B6CA8B /* Sources */,
				C7E499A3268B3B5000B6CA8B /* Frameworks */,
				C7E499A4268B3B5000B6CA8B /* Resources */,
				356C53749DBD213A2026B00B /* [CP] Embed Pods Frameworks */,
				BC4CBA418100B89803C358B1 /* [CP] Copy Pods Resources */,
			);
			buildRules = (
			);
			dependencies = (
			);
			name = testSDK;
			productName = testSDK;
			productReference = C7E499A6268B3B5000B6CA8B /* testSDK.app */;
			productType = "com.apple.product-type.application";
		};
/* End PBXNativeTarget section */

/* Begin PBXProject section */
		C7E4999E268B3B5000B6CA8B /* Project object */ = {
			isa = PBXProject;
			attributes = {
				LastSwiftUpdateCheck = 1250;
				LastUpgradeCheck = 1250;
				TargetAttributes = {
					C7E499A5268B3B5000B6CA8B = {
						CreatedOnToolsVersion = 12.5;
					};
				};
			};
			buildConfigurationList = C7E499A1268B3B5000B6CA8B /* Build configuration list for PBXProject "testSDK" */;
			compatibilityVersion = "Xcode 9.3";
			developmentRegion = en;
			hasScannedForEncodings = 0;
			knownRegions = (
				en,
				Base,
			);
			mainGroup = C7E4999D268B3B5000B6CA8B;
			productRefGroup = C7E499A7268B3B5000B6CA8B /* Products */;
			projectDirPath = "";
			projectRoot = "";
			targets = (
				C7E499A5268B3B5000B6CA8B /* testSDK */,
			);
		};
/* End PBXProject section */

/* Begin PBXResourcesBuildPhase section */
		C7E499A4268B3B5000B6CA8B /* Resources */ = {
			isa = PBXResourcesBuildPhase;
			buildActionMask = 2147483647;
			files = (
				C7E499B6268B3B5200B6CA8B /* LaunchScreen.storyboard in Resources */,
				C7E499B3268B3B5200B6CA8B /* Assets.xcassets in Resources */,
				C7E499B1268B3B5000B6CA8B /* Main.storyboard in Resources */,
			);
			runOnlyForDeploymentPostprocessing = 0;
		};
/* End PBXResourcesBuildPhase section */

/* Begin PBXShellScriptBuildPhase section */
		356C53749DBD213A2026B00B /* [CP] Embed Pods Frameworks */ = {
			isa = PBXShellScriptBuildPhase;
			buildActionMask = 2147483647;
			files = (
			);
			inputFileListPaths = (
				"${PODS_ROOT}/Target Support Files/Pods-testSDK/Pods-testSDK-frameworks-${CONFIGURATION}-input-files.xcfilelist",
			);
			name = "[CP] Embed Pods Frameworks";
			outputFileListPaths = (
				"${PODS_ROOT}/Target Support Files/Pods-testSDK/Pods-testSDK-frameworks-${CONFIGURATION}-output-files.xcfilelist",
			);
			runOnlyForDeploymentPostprocessing = 0;
			shellPath = /bin/sh;
			shellScript = "\"${PODS_ROOT}/Target Support Files/Pods-testSDK/Pods-testSDK-frameworks.sh\"\n";
			showEnvVarsInLog = 0;
		};
		4F3B37C91940086B4534CAF6 /* [CP] Check Pods Manifest.lock */ = {
			isa = PBXShellScriptBuildPhase;
			buildActionMask = 2147483647;
			files = (
			);
			inputFileListPaths = (
			);
			inputPaths = (
				"${PODS_PODFILE_DIR_PATH}/Podfile.lock",
				"${PODS_ROOT}/Manifest.lock",
			);
			name = "[CP] Check Pods Manifest.lock";
			outputFileListPaths = (
			);
			outputPaths = (
				"$(DERIVED_FILE_DIR)/Pods-testSDK-checkManifestLockResult.txt",
			);
			runOnlyForDeploymentPostprocessing = 0;
			shellPath = /bin/sh;
			shellScript = "diff \"${PODS_PODFILE_DIR_PATH}/Podfile.lock\" \"${PODS_ROOT}/Manifest.lock\" > /dev/null\nif [ $? != 0 ] ; then\n    # print error to STDERR\n    echo \"error: The sandbox is not in sync with the Podfile.lock. Run 'pod install' or update your CocoaPods installation.\" >&2\n    exit 1\nfi\n# This output is used by Xcode 'outputs' to avoid re-running this script phase.\necho \"SUCCESS\" > \"${SCRIPT_OUTPUT_FILE_0}\"\n";
			showEnvVarsInLog = 0;
		};
		BC4CBA418100B89803C358B1 /* [CP] Copy Pods Resources */ = {
			isa = PBXShellScriptBuildPhase;
			buildActionMask = 2147483647;
			files = (
			);
			inputFileListPaths = (
				"${PODS_ROOT}/Target Support Files/Pods-testSDK/Pods-testSDK-resources-${CONFIGURATION}-input-files.xcfilelist",
			);
			name = "[CP] Copy Pods Resources";
			outputFileListPaths = (
				"${PODS_ROOT}/Target Support Files/Pods-testSDK/Pods-testSDK-resources-${CONFIGURATION}-output-files.xcfilelist",
			);
			runOnlyForDeploymentPostprocessing = 0;
			shellPath = /bin/sh;
			shellScript = "\"${PODS_ROOT}/Target Support Files/Pods-testSDK/Pods-testSDK-resources.sh\"\n";
			showEnvVarsInLog = 0;
		};
/* End PBXShellScriptBuildPhase section */

/* Begin PBXSourcesBuildPhase section */
		C7E499A2268B3B5000B6CA8B /* Sources */ = {
			isa = PBXSourcesBuildPhase;
			buildActionMask = 2147483647;
			files = (
				C7E499AE268B3B5000B6CA8B /* ViewController.swift in Sources */,
				C7E499AA268B3B5000B6CA8B /* AppDelegate.swift in Sources */,
				C7E499AC268B3B5000B6CA8B /* SceneDelegate.swift in Sources */,
			);
			runOnlyForDeploymentPostprocessing = 0;
		};
/* End PBXSourcesBuildPhase section */

/* Begin PBXVariantGroup section */
		C7E499AF268B3B5000B6CA8B /* Main.storyboard */ = {
			isa = PBXVariantGroup;
			children = (
				C7E499B0268B3B5000B6CA8B /* Base */,
			);
			name = Main.storyboard;
			sourceTree = "<group>";
		};
		C7E499B4268B3B5200B6CA8B /* LaunchScreen.storyboard */ = {
			isa = PBXVariantGroup;
			children = (
				C7E499B5268B3B5200B6CA8B /* Base */,
			);
			name = LaunchScreen.storyboard;
			sourceTree = "<group>";
		};
/* End PBXVariantGroup section */

/* Begin XCBuildConfiguration section */
		C7E499CE268B3B5200B6CA8B /* Debug */ = {
			isa = XCBuildConfiguration;
			buildSettings = {
				ALWAYS_SEARCH_USER_PATHS = NO;
				CLANG_ANALYZER_NONNULL = YES;
				CLANG_ANALYZER_NUMBER_OBJECT_CONVERSION = YES_AGGRESSIVE;
				CLANG_CXX_LANGUAGE_STANDARD = "gnu++14";
				CLANG_CXX_LIBRARY = "libc++";
				CLANG_ENABLE_MODULES = YES;
				CLANG_ENABLE_OBJC_ARC = YES;
				CLANG_ENABLE_OBJC_WEAK = YES;
				CLANG_WARN_BLOCK_CAPTURE_AUTORELEASING = YES;
				CLANG_WARN_BOOL_CONVERSION = YES;
				CLANG_WARN_COMMA = YES;
				CLANG_WARN_CONSTANT_CONVERSION = YES;
				CLANG_WARN_DEPRECATED_OBJC_IMPLEMENTATIONS = YES;
				CLANG_WARN_DIRECT_OBJC_ISA_USAGE = YES_ERROR;
				CLANG_WARN_DOCUMENTATION_COMMENTS = YES;
				CLANG_WARN_EMPTY_BODY = YES;
				CLANG_WARN_ENUM_CONVERSION = YES;
				CLANG_WARN_INFINITE_RECURSION = YES;
				CLANG_WARN_INT_CONVERSION = YES;
				CLANG_WARN_NON_LITERAL_NULL_CONVERSION = YES;
				CLANG_WARN_OBJC_IMPLICIT_RETAIN_SELF = YES;
				CLANG_WARN_OBJC_LITERAL_CONVERSION = YES;
				CLANG_WARN_OBJC_ROOT_CLASS = YES_ERROR;
				CLANG_WARN_QUOTED_INCLUDE_IN_FRAMEWORK_HEADER = YES;
				CLANG_WARN_RANGE_LOOP_ANALYSIS = YES;
				CLANG_WARN_STRICT_PROTOTYPES = YES;
				CLANG_WARN_SUSPICIOUS_MOVE = YES;
				CLANG_WARN_UNGUARDED_AVAILABILITY = YES_AGGRESSIVE;
				CLANG_WARN_UNREACHABLE_CODE = YES;
				CLANG_WARN__DUPLICATE_METHOD_MATCH = YES;
				COPY_PHASE_STRIP = NO;
				DEBUG_INFORMATION_FORMAT = dwarf;
				ENABLE_STRICT_OBJC_MSGSEND = YES;
				ENABLE_TESTABILITY = YES;
				GCC_C_LANGUAGE_STANDARD = gnu11;
				GCC_DYNAMIC_NO_PIC = NO;
				GCC_NO_COMMON_BLOCKS = YES;
				GCC_OPTIMIZATION_LEVEL = 0;
				GCC_PREPROCESSOR_DEFINITIONS = (
					"DEBUG=1",
					"$(inherited)",
				);
				GCC_WARN_64_TO_32_BIT_CONVERSION = YES;
				GCC_WARN_ABOUT_RETURN_TYPE = YES_ERROR;
				GCC_WARN_UNDECLARED_SELECTOR = YES;
				GCC_WARN_UNINITIALIZED_AUTOS = YES_AGGRESSIVE;
				GCC_WARN_UNUSED_FUNCTION = YES;
				GCC_WARN_UNUSED_VARIABLE = YES;
				IPHONEOS_DEPLOYMENT_TARGET = 13.0;
				MTL_ENABLE_DEBUG_INFO = INCLUDE_SOURCE;
				MTL_FAST_MATH = YES;
				ONLY_ACTIVE_ARCH = YES;
				SDKROOT = iphoneos;
				SWIFT_ACTIVE_COMPILATION_CONDITIONS = DEBUG;
				SWIFT_OPTIMIZATION_LEVEL = "-Onone";
			};
			name = Debug;
		};
		C7E499CF268B3B5200B6CA8B /* Release */ = {
			isa = XCBuildConfiguration;
			buildSettings = {
				ALWAYS_SEARCH_USER_PATHS = NO;
				CLANG_ANALYZER_NONNULL = YES;
				CLANG_ANALYZER_NUMBER_OBJECT_CONVERSION = YES_AGGRESSIVE;
				CLANG_CXX_LANGUAGE_STANDARD = "gnu++14";
				CLANG_CXX_LIBRARY = "libc++";
				CLANG_ENABLE_MODULES = YES;
				CLANG_ENABLE_OBJC_ARC = YES;
				CLANG_ENABLE_OBJC_WEAK = YES;
				CLANG_WARN_BLOCK_CAPTURE_AUTORELEASING = YES;
				CLANG_WARN_BOOL_CONVERSION = YES;
				CLANG_WARN_COMMA = YES;
				CLANG_WARN_CONSTANT_CONVERSION = YES;
				CLANG_WARN_DEPRECATED_OBJC_IMPLEMENTATIONS = YES;
				CLANG_WARN_DIRECT_OBJC_ISA_USAGE = YES_ERROR;
				CLANG_WARN_DOCUMENTATION_COMMENTS = YES;
				CLANG_WARN_EMPTY_BODY = YES;
				CLANG_WARN_ENUM_CONVERSION = YES;
				CLANG_WARN_INFINITE_RECURSION = YES;
				CLANG_WARN_INT_CONVERSION = YES;
				CLANG_WARN_NON_LITERAL_NULL_CONVERSION = YES;
				CLANG_WARN_OBJC_IMPLICIT_RETAIN_SELF = YES;
				CLANG_WARN_OBJC_LITERAL_CONVERSION = YES;
				CLANG_WARN_OBJC_ROOT_CLASS = YES_ERROR;
				CLANG_WARN_QUOTED_INCLUDE_IN_FRAMEWORK_HEADER = YES;
				CLANG_WARN_RANGE_LOOP_ANALYSIS = YES;
				CLANG_WARN_STRICT_PROTOTYPES = YES;
				CLANG_WARN_SUSPICIOUS_MOVE = YES;
				CLANG_WARN_UNGUARDED_AVAILABILITY = YES_AGGRESSIVE;
				CLANG_WARN_UNREACHABLE_CODE = YES;
				CLANG_WARN__DUPLICATE_METHOD_MATCH = YES;
				COPY_PHASE_STRIP = NO;
				DEBUG_INFORMATION_FORMAT = "dwarf-with-dsym";
				ENABLE_NS_ASSERTIONS = NO;
				ENABLE_STRICT_OBJC_MSGSEND = YES;
				GCC_C_LANGUAGE_STANDARD = gnu11;
				GCC_NO_COMMON_BLOCKS = YES;
				GCC_WARN_64_TO_32_BIT_CONVERSION = YES;
				GCC_WARN_ABOUT_RETURN_TYPE = YES_ERROR;
				GCC_WARN_UNDECLARED_SELECTOR = YES;
				GCC_WARN_UNINITIALIZED_AUTOS = YES_AGGRESSIVE;
				GCC_WARN_UNUSED_FUNCTION = YES;
				GCC_WARN_UNUSED_VARIABLE = YES;
				IPHONEOS_DEPLOYMENT_TARGET = 13.0;
				MTL_ENABLE_DEBUG_INFO = NO;
				MTL_FAST_MATH = YES;
				SDKROOT = iphoneos;
				SWIFT_COMPILATION_MODE = wholemodule;
				SWIFT_OPTIMIZATION_LEVEL = "-O";
				VALIDATE_PRODUCT = YES;
			};
			name = Release;
		};
		C7E499D1268B3B5200B6CA8B /* Debug */ = {
			isa = XCBuildConfiguration;
			baseConfigurationReference = F8FCFFE1A79EF3065A13A1B8 /* Pods-testSDK.debug.xcconfig */;
			buildSettings = {
				ASSETCATALOG_COMPILER_APPICON_NAME = AppIcon;
				ASSETCATALOG_COMPILER_GLOBAL_ACCENT_COLOR_NAME = AccentColor;
				CODE_SIGN_STYLE = Automatic;
				DEVELOPMENT_TEAM = ZW9DGWZF4V;
				INFOPLIST_FILE = testSDK/Info.plist;
				LD_RUNPATH_SEARCH_PATHS = (
					"$(inherited)",
					"@executable_path/Frameworks",
				);
				PRODUCT_BUNDLE_IDENTIFIER = com.inmanage.testSDK;
				PRODUCT_NAME = "$(TARGET_NAME)";
				SWIFT_VERSION = 5.0;
				TARGETED_DEVICE_FAMILY = 1;
			};
			name = Debug;
		};
		C7E499D2268B3B5200B6CA8B /* Release */ = {
			isa = XCBuildConfiguration;
			baseConfigurationReference = 78B5FE0FCC80D4A7A6AAE160 /* Pods-testSDK.release.xcconfig */;
			buildSettings = {
				ASSETCATALOG_COMPILER_APPICON_NAME = AppIcon;
				ASSETCATALOG_COMPILER_GLOBAL_ACCENT_COLOR_NAME = AccentColor;
				CODE_SIGN_STYLE = Automatic;
				DEVELOPMENT_TEAM = ZW9DGWZF4V;
				INFOPLIST_FILE = testSDK/Info.plist;
				LD_RUNPATH_SEARCH_PATHS = (
					"$(inherited)",
					"@executable_path/Frameworks",
				);
				PRODUCT_BUNDLE_IDENTIFIER = com.inmanage.testSDK;
				PRODUCT_NAME = "$(TARGET_NAME)";
				SWIFT_VERSION = 5.0;
				TARGETED_DEVICE_FAMILY = 1;
			};
			name = Release;
		};
/* End XCBuildConfiguration section */

/* Begin XCConfigurationList section */
		C7E499A1268B3B5000B6CA8B /* Build configuration list for PBXProject "testSDK" */ = {
			isa = XCConfigurationList;
			buildConfigurations = (
				C7E499CE268B3B5200B6CA8B /* Debug */,
				C7E499CF268B3B5200B6CA8B /* Release */,
			);
			defaultConfigurationIsVisible = 0;
			defaultConfigurationName = Release;
		};
		C7E499D0268B3B5200B6CA8B /* Build configuration list for PBXNativeTarget "testSDK" */ = {
			isa = XCConfigurationList;
			buildConfigurations = (
				C7E499D1268B3B5200B6CA8B /* Debug */,
				C7E499D2268B3B5200B6CA8B /* Release */,
			);
			defaultConfigurationIsVisible = 0;
			defaultConfigurationName = Release;
		};
/* End XCConfigurationList section */
	};
	rootObject = C7E4999E268B3B5000B6CA8B /* Project object */;
}
